// !$*UTF8*$!
{
	archiveVersion = 1;
	classes = {
	};
	objectVersion = 56;
	objects = {

/* Begin PBXBuildFile section */
		FDB5E08229D7DA47009ADEA2 /* AppDelegate.swift in Sources */ = {isa = PBXBuildFile; fileRef = FDB5E08129D7DA47009ADEA2 /* AppDelegate.swift */; };
		FDB5E08429D7DA47009ADEA2 /* SceneDelegate.swift in Sources */ = {isa = PBXBuildFile; fileRef = FDB5E08329D7DA47009ADEA2 /* SceneDelegate.swift */; };
		FDB5E08629D7DA47009ADEA2 /* ViewController.swift in Sources */ = {isa = PBXBuildFile; fileRef = FDB5E08529D7DA47009ADEA2 /* ViewController.swift */; };
		FDB5E08929D7DA47009ADEA2 /* Main.storyboard in Resources */ = {isa = PBXBuildFile; fileRef = FDB5E08729D7DA47009ADEA2 /* Main.storyboard */; };
		FDB5E08B29D7DA48009ADEA2 /* Assets.xcassets in Resources */ = {isa = PBXBuildFile; fileRef = FDB5E08A29D7DA48009ADEA2 /* Assets.xcassets */; };
		FDB5E08E29D7DA48009ADEA2 /* LaunchScreen.storyboard in Resources */ = {isa = PBXBuildFile; fileRef = FDB5E08C29D7DA48009ADEA2 /* LaunchScreen.storyboard */; };
		FDB5E09929D7DA48009ADEA2 /* PracticeTests.swift in Sources */ = {isa = PBXBuildFile; fileRef = FDB5E09829D7DA48009ADEA2 /* PracticeTests.swift */; };
		FDB5E0A329D7DA48009ADEA2 /* PracticeUITests.swift in Sources */ = {isa = PBXBuildFile; fileRef = FDB5E0A229D7DA48009ADEA2 /* PracticeUITests.swift */; };
		FDB5E0A529D7DA48009ADEA2 /* PracticeUITestsLaunchTests.swift in Sources */ = {isa = PBXBuildFile; fileRef = FDB5E0A429D7DA48009ADEA2 /* PracticeUITestsLaunchTests.swift */; };
/* End PBXBuildFile section */

/* Begin PBXContainerItemProxy section */
		FDB5E09529D7DA48009ADEA2 /* PBXContainerItemProxy */ = {
			isa = PBXContainerItemProxy;
			containerPortal = FDB5E07629D7DA47009ADEA2 /* Project object */;
			proxyType = 1;
			remoteGlobalIDString = FDB5E07D29D7DA47009ADEA2;
			remoteInfo = Practice;
		};
		FDB5E09F29D7DA48009ADEA2 /* PBXContainerItemProxy */ = {
			isa = PBXContainerItemProxy;
			containerPortal = FDB5E07629D7DA47009ADEA2 /* Project object */;
			proxyType = 1;
			remoteGlobalIDString = FDB5E07D29D7DA47009ADEA2;
			remoteInfo = Practice;
		};
/* End PBXContainerItemProxy section */

/* Begin PBXFileReference section */
		FDB5E07E29D7DA47009ADEA2 /* Practice.app */ = {isa = PBXFileReference; explicitFileType = wrapper.application; includeInIndex = 0; path = Practice.app; sourceTree = BUILT_PRODUCTS_DIR; };
		FDB5E08129D7DA47009ADEA2 /* AppDelegate.swift */ = {isa = PBXFileReference; lastKnownFileType = sourcecode.swift; path = AppDelegate.swift; sourceTree = "<group>"; };
		FDB5E08329D7DA47009ADEA2 /* SceneDelegate.swift */ = {isa = PBXFileReference; lastKnownFileType = sourcecode.swift; path = SceneDelegate.swift; sourceTree = "<group>"; };
		FDB5E08529D7DA47009ADEA2 /* ViewController.swift */ = {isa = PBXFileReference; lastKnownFileType = sourcecode.swift; path = ViewController.swift; sourceTree = "<group>"; };
		FDB5E08829D7DA47009ADEA2 /* Base */ = {isa = PBXFileReference; lastKnownFileType = file.storyboard; name = Base; path = Base.lproj/Main.storyboard; sourceTree = "<group>"; };
		FDB5E08A29D7DA48009ADEA2 /* Assets.xcassets */ = {isa = PBXFileReference; lastKnownFileType = folder.assetcatalog; path = Assets.xcassets; sourceTree = "<group>"; };
		FDB5E08D29D7DA48009ADEA2 /* Base */ = {isa = PBXFileReference; lastKnownFileType = file.storyboard; name = Base; path = Base.lproj/LaunchScreen.storyboard; sourceTree = "<group>"; };
		FDB5E08F29D7DA48009ADEA2 /* Info.plist */ = {isa = PBXFileReference; lastKnownFileType = text.plist.xml; path = Info.plist; sourceTree = "<group>"; };
		FDB5E09429D7DA48009ADEA2 /* PracticeTests.xctest */ = {isa = PBXFileReference; explicitFileType = wrapper.cfbundle; includeInIndex = 0; path = PracticeTests.xctest; sourceTree = BUILT_PRODUCTS_DIR; };
		FDB5E09829D7DA48009ADEA2 /* PracticeTests.swift */ = {isa = PBXFileReference; lastKnownFileType = sourcecode.swift; path = PracticeTests.swift; sourceTree = "<group>"; };
		FDB5E09E29D7DA48009ADEA2 /* PracticeUITests.xctest */ = {isa = PBXFileReference; explicitFileType = wrapper.cfbundle; includeInIndex = 0; path = PracticeUITests.xctest; sourceTree = BUILT_PRODUCTS_DIR; };
		FDB5E0A229D7DA48009ADEA2 /* PracticeUITests.swift */ = {isa = PBXFileReference; lastKnownFileType = sourcecode.swift; path = PracticeUITests.swift; sourceTree = "<group>"; };
		FDB5E0A429D7DA48009ADEA2 /* PracticeUITestsLaunchTests.swift */ = {isa = PBXFileReference; lastKnownFileType = sourcecode.swift; path = PracticeUITestsLaunchTests.swift; sourceTree = "<group>"; };
/* End PBXFileReference section */

/* Begin PBXFrameworksBuildPhase section */
		FDB5E07B29D7DA47009ADEA2 /* Frameworks */ = {
			isa = PBXFrameworksBuildPhase;
			buildActionMask = 2147483647;
			files = (
			);
			runOnlyForDeploymentPostprocessing = 0;
		};
		FDB5E09129D7DA48009ADEA2 /* Frameworks */ = {
			isa = PBXFrameworksBuildPhase;
			buildActionMask = 2147483647;
			files = (
			);
			runOnlyForDeploymentPostprocessing = 0;
		};
		FDB5E09B29D7DA48009ADEA2 /* Frameworks */ = {
			isa = PBXFrameworksBuildPhase;
			buildActionMask = 2147483647;
			files = (
			);
			runOnlyForDeploymentPostprocessing = 0;
		};
/* End PBXFrameworksBuildPhase section */

/* Begin PBXGroup section */
		FDB5E07529D7DA47009ADEA2 = {
			isa = PBXGroup;
			children = (
				FDB5E08029D7DA47009ADEA2 /* Practice */,
				FDB5E09729D7DA48009ADEA2 /* PracticeTests */,
				FDB5E0A129D7DA48009ADEA2 /* PracticeUITests */,
				FDB5E07F29D7DA47009ADEA2 /* Products */,
			);
			sourceTree = "<group>";
		};
		FDB5E07F29D7DA47009ADEA2 /* Products */ = {
			isa = PBXGroup;
			children = (
				FDB5E07E29D7DA47009ADEA2 /* Practice.app */,
				FDB5E09429D7DA48009ADEA2 /* PracticeTests.xctest */,
				FDB5E09E29D7DA48009ADEA2 /* PracticeUITests.xctest */,
			);
			name = Products;
			sourceTree = "<group>";
		};
		FDB5E08029D7DA47009ADEA2 /* Practice */ = {
			isa = PBXGroup;
			children = (
				FDB5E08129D7DA47009ADEA2 /* AppDelegate.swift */,
				FDB5E08329D7DA47009ADEA2 /* SceneDelegate.swift */,
				FDB5E08529D7DA47009ADEA2 /* ViewController.swift */,
				FDB5E08729D7DA47009ADEA2 /* Main.storyboard */,
				FDB5E08A29D7DA48009ADEA2 /* Assets.xcassets */,
				FDB5E08C29D7DA48009ADEA2 /* LaunchScreen.storyboard */,
				FDB5E08F29D7DA48009ADEA2 /* Info.plist */,
			);
			path = Practice;
			sourceTree = "<group>";
		};
		FDB5E09729D7DA48009ADEA2 /* PracticeTests */ = {
			isa = PBXGroup;
			children = (
				FDB5E09829D7DA48009ADEA2 /* PracticeTests.swift */,
			);
			path = PracticeTests;
			sourceTree = "<group>";
		};
		FDB5E0A129D7DA48009ADEA2 /* PracticeUITests */ = {
			isa = PBXGroup;
			children = (
				FDB5E0A229D7DA48009ADEA2 /* PracticeUITests.swift */,
				FDB5E0A429D7DA48009ADEA2 /* PracticeUITestsLaunchTests.swift */,
			);
			path = PracticeUITests;
			sourceTree = "<group>";
		};
/* End PBXGroup section */

/* Begin PBXNativeTarget section */
		FDB5E07D29D7DA47009ADEA2 /* Practice */ = {
			isa = PBXNativeTarget;
			buildConfigurationList = FDB5E0A829D7DA48009ADEA2 /* Build configuration list for PBXNativeTarget "Practice" */;
			buildPhases = (
				FDB5E07A29D7DA47009ADEA2 /* Sources */,
				FDB5E07B29D7DA47009ADEA2 /* Frameworks */,
				FDB5E07C29D7DA47009ADEA2 /* Resources */,
			);
			buildRules = (
			);
			dependencies = (
			);
			name = Practice;
			productName = Practice;
			productReference = FDB5E07E29D7DA47009ADEA2 /* Practice.app */;
			productType = "com.apple.product-type.application";
		};
		FDB5E09329D7DA48009ADEA2 /* PracticeTests */ = {
			isa = PBXNativeTarget;
			buildConfigurationList = FDB5E0AB29D7DA48009ADEA2 /* Build configuration list for PBXNativeTarget "PracticeTests" */;
			buildPhases = (
				FDB5E09029D7DA48009ADEA2 /* Sources */,
				FDB5E09129D7DA48009ADEA2 /* Frameworks */,
				FDB5E09229D7DA48009ADEA2 /* Resources */,
			);
			buildRules = (
			);
			dependencies = (
				FDB5E09629D7DA48009ADEA2 /* PBXTargetDependency */,
			);
			name = PracticeTests;
			productName = PracticeTests;
			productReference = FDB5E09429D7DA48009ADEA2 /* PracticeTests.xctest */;
			productType = "com.apple.product-type.bundle.unit-test";
		};
		FDB5E09D29D7DA48009ADEA2 /* PracticeUITests */ = {
			isa = PBXNativeTarget;
			buildConfigurationList = FDB5E0AE29D7DA48009ADEA2 /* Build configuration list for PBXNativeTarget "PracticeUITests" */;
			buildPhases = (
				FDB5E09A29D7DA48009ADEA2 /* Sources */,
				FDB5E09B29D7DA48009ADEA2 /* Frameworks */,
				FDB5E09C29D7DA48009ADEA2 /* Resources */,
			);
			buildRules = (
			);
			dependencies = (
				FDB5E0A029D7DA48009ADEA2 /* PBXTargetDependency */,
			);
			name = PracticeUITests;
			productName = PracticeUITests;
			productReference = FDB5E09E29D7DA48009ADEA2 /* PracticeUITests.xctest */;
			productType = "com.apple.product-type.bundle.ui-testing";
		};
/* End PBXNativeTarget section */

/* Begin PBXProject section */
		FDB5E07629D7DA47009ADEA2 /* Project object */ = {
			isa = PBXProject;
			attributes = {
				BuildIndependentTargetsInParallel = 1;
				LastSwiftUpdateCheck = 1400;
				LastUpgradeCheck = 1400;
				TargetAttributes = {
					FDB5E07D29D7DA47009ADEA2 = {
						CreatedOnToolsVersion = 14.0;
					};
					FDB5E09329D7DA48009ADEA2 = {
						CreatedOnToolsVersion = 14.0;
						TestTargetID = FDB5E07D29D7DA47009ADEA2;
					};
					FDB5E09D29D7DA48009ADEA2 = {
						CreatedOnToolsVersion = 14.0;
						TestTargetID = FDB5E07D29D7DA47009ADEA2;
					};
				};
			};
			buildConfigurationList = FDB5E07929D7DA47009ADEA2 /* Build configuration list for PBXProject "Practice" */;
			compatibilityVersion = "Xcode 14.0";
			developmentRegion = en;
			hasScannedForEncodings = 0;
			knownRegions = (
				en,
				Base,
			);
			mainGroup = FDB5E07529D7DA47009ADEA2;
			productRefGroup = FDB5E07F29D7DA47009ADEA2 /* Products */;
			projectDirPath = "";
			projectRoot = "";
			targets = (
				FDB5E07D29D7DA47009ADEA2 /* Practice */,
				FDB5E09329D7DA48009ADEA2 /* PracticeTests */,
				FDB5E09D29D7DA48009ADEA2 /* PracticeUITests */,
			);
		};
/* End PBXProject section */

/* Begin PBXResourcesBuildPhase section */
		FDB5E07C29D7DA47009ADEA2 /* Resources */ = {
			isa = PBXResourcesBuildPhase;
			buildActionMask = 2147483647;
			files = (
				FDB5E08E29D7DA48009ADEA2 /* LaunchScreen.storyboard in Resources */,
				FDB5E08B29D7DA48009ADEA2 /* Assets.xcassets in Resources */,
				FDB5E08929D7DA47009ADEA2 /* Main.storyboard in Resources */,
			);
			runOnlyForDeploymentPostprocessing = 0;
		};
		FDB5E09229D7DA48009ADEA2 /* Resources */ = {
			isa = PBXResourcesBuildPhase;
			buildActionMask = 2147483647;
			files = (
			);
			runOnlyForDeploymentPostprocessing = 0;
		};
		FDB5E09C29D7DA48009ADEA2 /* Resources */ = {
			isa = PBXResourcesBuildPhase;
			buildActionMask = 2147483647;
			files = (
			);
			runOnlyForDeploymentPostprocessing = 0;
		};
/* End PBXResourcesBuildPhase section */

/* Begin PBXSourcesBuildPhase section */
		FDB5E07A29D7DA47009ADEA2 /* Sources */ = {
			isa = PBXSourcesBuildPhase;
			buildActionMask = 2147483647;
			files = (
				FDB5E08629D7DA47009ADEA2 /* ViewController.swift in Sources */,
				FDB5E08229D7DA47009ADEA2 /* AppDelegate.swift in Sources */,
				FDB5E08429D7DA47009ADEA2 /* SceneDelegate.swift in Sources */,
			);
			runOnlyForDeploymentPostprocessing = 0;
		};
		FDB5E09029D7DA48009ADEA2 /* Sources */ = {
			isa = PBXSourcesBuildPhase;
			buildActionMask = 2147483647;
			files = (
				FDB5E09929D7DA48009ADEA2 /* PracticeTests.swift in Sources */,
			);
			runOnlyForDeploymentPostprocessing = 0;
		};
		FDB5E09A29D7DA48009ADEA2 /* Sources */ = {
			isa = PBXSourcesBuildPhase;
			buildActionMask = 2147483647;
			files = (
				FDB5E0A529D7DA48009ADEA2 /* PracticeUITestsLaunchTests.swift in Sources */,
				FDB5E0A329D7DA48009ADEA2 /* PracticeUITests.swift in Sources */,
			);
			runOnlyForDeploymentPostprocessing = 0;
		};
/* End PBXSourcesBuildPhase section */

/* Begin PBXTargetDependency section */
		FDB5E09629D7DA48009ADEA2 /* PBXTargetDependency */ = {
			isa = PBXTargetDependency;
			target = FDB5E07D29D7DA47009ADEA2 /* Practice */;
			targetProxy = FDB5E09529D7DA48009ADEA2 /* PBXContainerItemProxy */;
		};
		FDB5E0A029D7DA48009ADEA2 /* PBXTargetDependency */ = {
			isa = PBXTargetDependency;
			target = FDB5E07D29D7DA47009ADEA2 /* Practice */;
			targetProxy = FDB5E09F29D7DA48009ADEA2 /* PBXContainerItemProxy */;
		};
/* End PBXTargetDependency section */

/* Begin PBXVariantGroup section */
		FDB5E08729D7DA47009ADEA2 /* Main.storyboard */ = {
			isa = PBXVariantGroup;
			children = (
				FDB5E08829D7DA47009ADEA2 /* Base */,
			);
			name = Main.storyboard;
			sourceTree = "<group>";
		};
		FDB5E08C29D7DA48009ADEA2 /* LaunchScreen.storyboard */ = {
			isa = PBXVariantGroup;
			children = (
				FDB5E08D29D7DA48009ADEA2 /* Base */,
			);
			name = LaunchScreen.storyboard;
			sourceTree = "<group>";
		};
/* End PBXVariantGroup section */

/* Begin XCBuildConfiguration section */
		FDB5E0A629D7DA48009ADEA2 /* Debug */ = {
			isa = XCBuildConfiguration;
			buildSettings = {
				ALWAYS_SEARCH_USER_PATHS = NO;
				CLANG_ANALYZER_NONNULL = YES;
				CLANG_ANALYZER_NUMBER_OBJECT_CONVERSION = YES_AGGRESSIVE;
				CLANG_CXX_LANGUAGE_STANDARD = "gnu++20";
				CLANG_ENABLE_MODULES = YES;
				CLANG_ENABLE_OBJC_ARC = YES;
				CLANG_ENABLE_OBJC_WEAK = YES;
				CLANG_WARN_BLOCK_CAPTURE_AUTORELEASING = YES;
				CLANG_WARN_BOOL_CONVERSION = YES;
				CLANG_WARN_COMMA = YES;
				CLANG_WARN_CONSTANT_CONVERSION = YES;
				CLANG_WARN_DEPRECATED_OBJC_IMPLEMENTATIONS = YES;
				CLANG_WARN_DIRECT_OBJC_ISA_USAGE = YES_ERROR;
				CLANG_WARN_DOCUMENTATION_COMMENTS = YES;
				CLANG_WARN_EMPTY_BODY = YES;
				CLANG_WARN_ENUM_CONVERSION = YES;
				CLANG_WARN_INFINITE_RECURSION = YES;
				CLANG_WARN_INT_CONVERSION = YES;
				CLANG_WARN_NON_LITERAL_NULL_CONVERSION = YES;
				CLANG_WARN_OBJC_IMPLICIT_RETAIN_SELF = YES;
				CLANG_WARN_OBJC_LITERAL_CONVERSION = YES;
				CLANG_WARN_OBJC_ROOT_CLASS = YES_ERROR;
				CLANG_WARN_QUOTED_INCLUDE_IN_FRAMEWORK_HEADER = YES;
				CLANG_WARN_RANGE_LOOP_ANALYSIS = YES;
				CLANG_WARN_STRICT_PROTOTYPES = YES;
				CLANG_WARN_SUSPICIOUS_MOVE = YES;
				CLANG_WARN_UNGUARDED_AVAILABILITY = YES_AGGRESSIVE;
				CLANG_WARN_UNREACHABLE_CODE = YES;
				CLANG_WARN__DUPLICATE_METHOD_MATCH = YES;
				COPY_PHASE_STRIP = NO;
				DEBUG_INFORMATION_FORMAT = dwarf;
				ENABLE_STRICT_OBJC_MSGSEND = YES;
				ENABLE_TESTABILITY = YES;
				GCC_C_LANGUAGE_STANDARD = gnu11;
				GCC_DYNAMIC_NO_PIC = NO;
				GCC_NO_COMMON_BLOCKS = YES;
				GCC_OPTIMIZATION_LEVEL = 0;
				GCC_PREPROCESSOR_DEFINITIONS = (
					"DEBUG=1",
					"$(inherited)",
				);
				GCC_WARN_64_TO_32_BIT_CONVERSION = YES;
				GCC_WARN_ABOUT_RETURN_TYPE = YES_ERROR;
				GCC_WARN_UNDECLARED_SELECTOR = YES;
				GCC_WARN_UNINITIALIZED_AUTOS = YES_AGGRESSIVE;
				GCC_WARN_UNUSED_FUNCTION = YES;
				GCC_WARN_UNUSED_VARIABLE = YES;
				IPHONEOS_DEPLOYMENT_TARGET = 16.0;
				MTL_ENABLE_DEBUG_INFO = INCLUDE_SOURCE;
				MTL_FAST_MATH = YES;
				ONLY_ACTIVE_ARCH = YES;
				SDKROOT = iphoneos;
				SWIFT_ACTIVE_COMPILATION_CONDITIONS = DEBUG;
				SWIFT_OPTIMIZATION_LEVEL = "-Onone";
			};
			name = Debug;
		};
		FDB5E0A729D7DA48009ADEA2 /* Release */ = {
			isa = XCBuildConfiguration;
			buildSettings = {
				ALWAYS_SEARCH_USER_PATHS = NO;
				CLANG_ANALYZER_NONNULL = YES;
				CLANG_ANALYZER_NUMBER_OBJECT_CONVERSION = YES_AGGRESSIVE;
				CLANG_CXX_LANGUAGE_STANDARD = "gnu++20";
				CLANG_ENABLE_MODULES = YES;
				CLANG_ENABLE_OBJC_ARC = YES;
				CLANG_ENABLE_OBJC_WEAK = YES;
				CLANG_WARN_BLOCK_CAPTURE_AUTORELEASING = YES;
				CLANG_WARN_BOOL_CONVERSION = YES;
				CLANG_WARN_COMMA = YES;
				CLANG_WARN_CONSTANT_CONVERSION = YES;
				CLANG_WARN_DEPRECATED_OBJC_IMPLEMENTATIONS = YES;
				CLANG_WARN_DIRECT_OBJC_ISA_USAGE = YES_ERROR;
				CLANG_WARN_DOCUMENTATION_COMMENTS = YES;
				CLANG_WARN_EMPTY_BODY = YES;
				CLANG_WARN_ENUM_CONVERSION = YES;
				CLANG_WARN_INFINITE_RECURSION = YES;
				CLANG_WARN_INT_CONVERSION = YES;
				CLANG_WARN_NON_LITERAL_NULL_CONVERSION = YES;
				CLANG_WARN_OBJC_IMPLICIT_RETAIN_SELF = YES;
				CLANG_WARN_OBJC_LITERAL_CONVERSION = YES;
				CLANG_WARN_OBJC_ROOT_CLASS = YES_ERROR;
				CLANG_WARN_QUOTED_INCLUDE_IN_FRAMEWORK_HEADER = YES;
				CLANG_WARN_RANGE_LOOP_ANALYSIS = YES;
				CLANG_WARN_STRICT_PROTOTYPES = YES;
				CLANG_WARN_SUSPICIOUS_MOVE = YES;
				CLANG_WARN_UNGUARDED_AVAILABILITY = YES_AGGRESSIVE;
				CLANG_WARN_UNREACHABLE_CODE = YES;
				CLANG_WARN__DUPLICATE_METHOD_MATCH = YES;
				COPY_PHASE_STRIP = NO;
				DEBUG_INFORMATION_FORMAT = "dwarf-with-dsym";
				ENABLE_NS_ASSERTIONS = NO;
				ENABLE_STRICT_OBJC_MSGSEND = YES;
				GCC_C_LANGUAGE_STANDARD = gnu11;
				GCC_NO_COMMON_BLOCKS = YES;
				GCC_WARN_64_TO_32_BIT_CONVERSION = YES;
				GCC_WARN_ABOUT_RETURN_TYPE = YES_ERROR;
				GCC_WARN_UNDECLARED_SELECTOR = YES;
				GCC_WARN_UNINITIALIZED_AUTOS = YES_AGGRESSIVE;
				GCC_WARN_UNUSED_FUNCTION = YES;
				GCC_WARN_UNUSED_VARIABLE = YES;
				IPHONEOS_DEPLOYMENT_TARGET = 16.0;
				MTL_ENABLE_DEBUG_INFO = NO;
				MTL_FAST_MATH = YES;
				SDKROOT = iphoneos;
				SWIFT_COMPILATION_MODE = wholemodule;
				SWIFT_OPTIMIZATION_LEVEL = "-O";
				VALIDATE_PRODUCT = YES;
			};
			name = Release;
		};
		FDB5E0A929D7DA48009ADEA2 /* Debug */ = {
			isa = XCBuildConfiguration;
			buildSettings = {
				ASSETCATALOG_COMPILER_APPICON_NAME = AppIcon;
				ASSETCATALOG_COMPILER_GLOBAL_ACCENT_COLOR_NAME = AccentColor;
				CODE_SIGN_STYLE = Automatic;
				CURRENT_PROJECT_VERSION = 1;
				DEVELOPMENT_TEAM = S3ZNGP43TF;
				GENERATE_INFOPLIST_FILE = YES;
				INFOPLIST_FILE = Practice/Info.plist;
				INFOPLIST_KEY_UIApplicationSupportsIndirectInputEvents = YES;
				INFOPLIST_KEY_UILaunchStoryboardName = LaunchScreen;
				INFOPLIST_KEY_UIMainStoryboardFile = Main;
				INFOPLIST_KEY_UISupportedInterfaceOrientations_iPad = "UIInterfaceOrientationPortrait UIInterfaceOrientationPortraitUpsideDown UIInterfaceOrientationLandscapeLeft UIInterfaceOrientationLandscapeRight";
				INFOPLIST_KEY_UISupportedInterfaceOrientations_iPhone = "UIInterfaceOrientationPortrait UIInterfaceOrientationLandscapeLeft UIInterfaceOrientationLandscapeRight";
				LD_RUNPATH_SEARCH_PATHS = (
					"$(inherited)",
					"@executable_path/Frameworks",
				);
				MARKETING_VERSION = 1.0;
				PRODUCT_BUNDLE_IDENTIFIER = "koki-mac-mini.Practice";
				PRODUCT_NAME = "$(TARGET_NAME)";
				SWIFT_EMIT_LOC_STRINGS = YES;
				SWIFT_VERSION = 5.0;
				TARGETED_DEVICE_FAMILY = "1,2";
			};
			name = Debug;
		};
		FDB5E0AA29D7DA48009ADEA2 /* Release */ = {
			isa = XCBuildConfiguration;
			buildSettings = {
				ASSETCATALOG_COMPILER_APPICON_NAME = AppIcon;
				ASSETCATALOG_COMPILER_GLOBAL_ACCENT_COLOR_NAME = AccentColor;
				CODE_SIGN_STYLE = Automatic;
				CURRENT_PROJECT_VERSION = 1;
				DEVELOPMENT_TEAM = S3ZNGP43TF;
				GENERATE_INFOPLIST_FILE = YES;
				INFOPLIST_FILE = Practice/Info.plist;
				INFOPLIST_KEY_UIApplicationSupportsIndirectInputEvents = YES;
				INFOPLIST_KEY_UILaunchStoryboardName = LaunchScreen;
				INFOPLIST_KEY_UIMainStoryboardFile = Main;
				INFOPLIST_KEY_UISupportedInterfaceOrientations_iPad = "UIInterfaceOrientationPortrait UIInterfaceOrientationPortraitUpsideDown UIInterfaceOrientationLandscapeLeft UIInterfaceOrientationLandscapeRight";
				INFOPLIST_KEY_UISupportedInterfaceOrientations_iPhone = "UIInterfaceOrientationPortrait UIInterfaceOrientationLandscapeLeft UIInterfaceOrientationLandscapeRight";
				LD_RUNPATH_SEARCH_PATHS = (
					"$(inherited)",
					"@executable_path/Frameworks",
				);
				MARKETING_VERSION = 1.0;
				PRODUCT_BUNDLE_IDENTIFIER = "koki-mac-mini.Practice";
				PRODUCT_NAME = "$(TARGET_NAME)";
				SWIFT_EMIT_LOC_STRINGS = YES;
				SWIFT_VERSION = 5.0;
				TARGETED_DEVICE_FAMILY = "1,2";
			};
			name = Release;
		};
		FDB5E0AC29D7DA48009ADEA2 /* Debug */ = {
			isa = XCBuildConfiguration;
			buildSettings = {
				ALWAYS_EMBED_SWIFT_STANDARD_LIBRARIES = YES;
				BUNDLE_LOADER = "$(TEST_HOST)";
				CODE_SIGN_STYLE = Automatic;
				CURRENT_PROJECT_VERSION = 1;
				DEVELOPMENT_TEAM = S3ZNGP43TF;
				GENERATE_INFOPLIST_FILE = YES;
				IPHONEOS_DEPLOYMENT_TARGET = 16.0;
				MARKETING_VERSION = 1.0;
				PRODUCT_BUNDLE_IDENTIFIER = "koki-mac-mini.PracticeTests";
				PRODUCT_NAME = "$(TARGET_NAME)";
				SWIFT_EMIT_LOC_STRINGS = NO;
				SWIFT_VERSION = 5.0;
				TARGETED_DEVICE_FAMILY = "1,2";
				TEST_HOST = "$(BUILT_PRODUCTS_DIR)/Practice.app/$(BUNDLE_EXECUTABLE_FOLDER_PATH)/Practice";
			};
			name = Debug;
		};
		FDB5E0AD29D7DA48009ADEA2 /* Release */ = {
			isa = XCBuildConfiguration;
			buildSettings = {
				ALWAYS_EMBED_SWIFT_STANDARD_LIBRARIES = YES;
				BUNDLE_LOADER = "$(TEST_HOST)";
				CODE_SIGN_STYLE = Automatic;
				CURRENT_PROJECT_VERSION = 1;
				DEVELOPMENT_TEAM = S3ZNGP43TF;
				GENERATE_INFOPLIST_FILE = YES;
				IPHONEOS_DEPLOYMENT_TARGET = 16.0;
				MARKETING_VERSION = 1.0;
				PRODUCT_BUNDLE_IDENTIFIER = "koki-mac-mini.PracticeTests";
				PRODUCT_NAME = "$(TARGET_NAME)";
				SWIFT_EMIT_LOC_STRINGS = NO;
				SWIFT_VERSION = 5.0;
				TARGETED_DEVICE_FAMILY = "1,2";
				TEST_HOST = "$(BUILT_PRODUCTS_DIR)/Practice.app/$(BUNDLE_EXECUTABLE_FOLDER_PATH)/Practice";
			};
			name = Release;
		};
		FDB5E0AF29D7DA48009ADEA2 /* Debug */ = {
			isa = XCBuildConfiguration;
			buildSettings = {
				ALWAYS_EMBED_SWIFT_STANDARD_LIBRARIES = YES;
				CODE_SIGN_STYLE = Automatic;
				CURRENT_PROJECT_VERSION = 1;
				DEVELOPMENT_TEAM = S3ZNGP43TF;
				GENERATE_INFOPLIST_FILE = YES;
				MARKETING_VERSION = 1.0;
				PRODUCT_BUNDLE_IDENTIFIER = "koki-mac-mini.PracticeUITests";
				PRODUCT_NAME = "$(TARGET_NAME)";
				SWIFT_EMIT_LOC_STRINGS = NO;
				SWIFT_VERSION = 5.0;
				TARGETED_DEVICE_FAMILY = "1,2";
				TEST_TARGET_NAME = Practice;
			};
			name = Debug;
		};
		FDB5E0B029D7DA48009ADEA2 /* Release */ = {
			isa = XCBuildConfiguration;
			buildSettings = {
				ALWAYS_EMBED_SWIFT_STANDARD_LIBRARIES = YES;
				CODE_SIGN_STYLE = Automatic;
				CURRENT_PROJECT_VERSION = 1;
				DEVELOPMENT_TEAM = S3ZNGP43TF;
				GENERATE_INFOPLIST_FILE = YES;
				MARKETING_VERSION = 1.0;
				PRODUCT_BUNDLE_IDENTIFIER = "koki-mac-mini.PracticeUITests";
				PRODUCT_NAME = "$(TARGET_NAME)";
				SWIFT_EMIT_LOC_STRINGS = NO;
				SWIFT_VERSION = 5.0;
				TARGETED_DEVICE_FAMILY = "1,2";
				TEST_TARGET_NAME = Practice;
			};
			name = Release;
		};
/* End XCBuildConfiguration section */

/* Begin XCConfigurationList section */
		FDB5E07929D7DA47009ADEA2 /* Build configuration list for PBXProject "Practice" */ = {
			isa = XCConfigurationList;
			buildConfigurations = (
				FDB5E0A629D7DA48009ADEA2 /* Debug */,
				FDB5E0A729D7DA48009ADEA2 /* Release */,
			);
			defaultConfigurationIsVisible = 0;
			defaultConfigurationName = Release;
		};
		FDB5E0A829D7DA48009ADEA2 /* Build configuration list for PBXNativeTarget "Practice" */ = {
			isa = XCConfigurationList;
			buildConfigurations = (
				FDB5E0A929D7DA48009ADEA2 /* Debug */,
				FDB5E0AA29D7DA48009ADEA2 /* Release */,
			);
			defaultConfigurationIsVisible = 0;
			defaultConfigurationName = Release;
		};
		FDB5E0AB29D7DA48009ADEA2 /* Build configuration list for PBXNativeTarget "PracticeTests" */ = {
			isa = XCConfigurationList;
			buildConfigurations = (
				FDB5E0AC29D7DA48009ADEA2 /* Debug */,
				FDB5E0AD29D7DA48009ADEA2 /* Release */,
			);
			defaultConfigurationIsVisible = 0;
			defaultConfigurationName = Release;
		};
		FDB5E0AE29D7DA48009ADEA2 /* Build configuration list for PBXNativeTarget "PracticeUITests" */ = {
			isa = XCConfigurationList;
			buildConfigurations = (
				FDB5E0AF29D7DA48009ADEA2 /* Debug */,
				FDB5E0B029D7DA48009ADEA2 /* Release */,
			);
			defaultConfigurationIsVisible = 0;
			defaultConfigurationName = Release;
		};
/* End XCConfigurationList section */
	};
	rootObject = FDB5E07629D7DA47009ADEA2 /* Project object */;
}
