// !$*UTF8*$!
{
	archiveVersion = 1;
	classes = {
	};
	objectVersion = 56;
	objects = {

/* Begin PBXBuildFile section */
		8674EB3AAC6754D99215A87C /* Pods_Practice_PracticeUITests.framework in Frameworks */ = {isa = PBXBuildFile; fileRef = DDD3A4B491ECA6BACE0FD777 /* Pods_Practice_PracticeUITests.framework */; };
		C8C55EA4D594494177C83F47 /* Pods_PracticeTests.framework in Frameworks */ = {isa = PBXBuildFile; fileRef = 52013448A94BA09103A5A5BA /* Pods_PracticeTests.framework */; };
		F1402B1F266309FBD04F63A4 /* Pods_Practice.framework in Frameworks */ = {isa = PBXBuildFile; fileRef = 945EA592DD0BBF76E3D97648 /* Pods_Practice.framework */; };
		FDA9119329E0FDDE00CE3625 /* TestView.swift in Sources */ = {isa = PBXBuildFile; fileRef = FDA9119229E0FDDE00CE3625 /* TestView.swift */; };
		FDA9119529E0FF5500CE3625 /* XcodePreviews.storyboard in Resources */ = {isa = PBXBuildFile; fileRef = FDA9119429E0FF5500CE3625 /* XcodePreviews.storyboard */; };
		FDA9119729E1019200CE3625 /* InputAppliable.swift in Sources */ = {isa = PBXBuildFile; fileRef = FDA9119629E1019200CE3625 /* InputAppliable.swift */; };
		FDA9119A29E106BA00CE3625 /* TestViewPreview.swift in Sources */ = {isa = PBXBuildFile; fileRef = FDA9119929E106BA00CE3625 /* TestViewPreview.swift */; };
		FDA9119C29E113B500CE3625 /* TestViewFromXib.swift in Sources */ = {isa = PBXBuildFile; fileRef = FDA9119B29E113B500CE3625 /* TestViewFromXib.swift */; };
		FDA9119E29E113D700CE3625 /* TestViewFromXib.xib in Resources */ = {isa = PBXBuildFile; fileRef = FDA9119D29E113D700CE3625 /* TestViewFromXib.xib */; };
		FDA911A129E114A600CE3625 /* UIViewExtensions.swift in Sources */ = {isa = PBXBuildFile; fileRef = FDA911A029E114A600CE3625 /* UIViewExtensions.swift */; };
		FDA911A329E1167F00CE3625 /* TextViewFromXibPreview.swift in Sources */ = {isa = PBXBuildFile; fileRef = FDA911A229E1167F00CE3625 /* TextViewFromXibPreview.swift */; };
		FDA911AB29E11B1F00CE3625 /* TestViewFromXibCollectionViewCell.swift in Sources */ = {isa = PBXBuildFile; fileRef = FDA911A929E11B1F00CE3625 /* TestViewFromXibCollectionViewCell.swift */; };
		FDA911AC29E11B1F00CE3625 /* TestViewFromXibCollectionViewCell.xib in Resources */ = {isa = PBXBuildFile; fileRef = FDA911AA29E11B1F00CE3625 /* TestViewFromXibCollectionViewCell.xib */; };
		FDA911AE29E18AE700CE3625 /* PreviewContainerViewController.swift in Sources */ = {isa = PBXBuildFile; fileRef = FDA911AD29E18AE700CE3625 /* PreviewContainerViewController.swift */; };
		FDA911B029E191B700CE3625 /* XcodePreviewsViewController.swift in Sources */ = {isa = PBXBuildFile; fileRef = FDA911AF29E191B700CE3625 /* XcodePreviewsViewController.swift */; };
		FDA92CB629D93DC100D5B722 /* ExpandableTableView.storyboard in Resources */ = {isa = PBXBuildFile; fileRef = FDA92CB529D93DC100D5B722 /* ExpandableTableView.storyboard */; };
		FDA92CB829D93DF500D5B722 /* ExpandableTableViewController.swift in Sources */ = {isa = PBXBuildFile; fileRef = FDA92CB729D93DF500D5B722 /* ExpandableTableViewController.swift */; };
		FDA92CBB29D93EEB00D5B722 /* ExpandableTableViewCell1.swift in Sources */ = {isa = PBXBuildFile; fileRef = FDA92CB929D93EEB00D5B722 /* ExpandableTableViewCell1.swift */; };
		FDA92CBC29D93EEB00D5B722 /* ExpandableTableViewCell1.xib in Resources */ = {isa = PBXBuildFile; fileRef = FDA92CBA29D93EEB00D5B722 /* ExpandableTableViewCell1.xib */; };
		FDA92CBE29D93F1900D5B722 /* ExpandableHeaderView.swift in Sources */ = {isa = PBXBuildFile; fileRef = FDA92CBD29D93F1900D5B722 /* ExpandableHeaderView.swift */; };
		FDA92CC029D93F2600D5B722 /* ExpandableHeaderView.xib in Resources */ = {isa = PBXBuildFile; fileRef = FDA92CBF29D93F2600D5B722 /* ExpandableHeaderView.xib */; };
		FDA92CC229D94B3E00D5B722 /* ExpandableType.swift in Sources */ = {isa = PBXBuildFile; fileRef = FDA92CC129D94B3E00D5B722 /* ExpandableType.swift */; };
		FDA92CC429D95BD100D5B722 /* IBTableViewCell.swift in Sources */ = {isa = PBXBuildFile; fileRef = FDA92CC329D95BD100D5B722 /* IBTableViewCell.swift */; };
		FDAF686729FDF8D60032C083 /* RxSwiftMVVMViewController.swift in Sources */ = {isa = PBXBuildFile; fileRef = FDAF686629FDF8D60032C083 /* RxSwiftMVVMViewController.swift */; };
		FDAF686929FDF8E80032C083 /* RxSwiftMVVMViewModel.swift in Sources */ = {isa = PBXBuildFile; fileRef = FDAF686829FDF8E80032C083 /* RxSwiftMVVMViewModel.swift */; };
		FDAF686B29FDF8F70032C083 /* RxSwiftMVVMModel.swift in Sources */ = {isa = PBXBuildFile; fileRef = FDAF686A29FDF8F70032C083 /* RxSwiftMVVMModel.swift */; };
		FDAF686D29FDFAF70032C083 /* ModelError.swift in Sources */ = {isa = PBXBuildFile; fileRef = FDAF686C29FDFAF70032C083 /* ModelError.swift */; };
		FDAF686F29FDFF270032C083 /* PaginationModel.swift in Sources */ = {isa = PBXBuildFile; fileRef = FDAF686E29FDFF270032C083 /* PaginationModel.swift */; };
		FDB1E44B29FCD0630042F6F6 /* Pagination.storyboard in Resources */ = {isa = PBXBuildFile; fileRef = FDB1E44A29FCD0630042F6F6 /* Pagination.storyboard */; };
		FDB1E44E29FCD07A0042F6F6 /* PaginationViewController.swift in Sources */ = {isa = PBXBuildFile; fileRef = FDB1E44C29FCD07A0042F6F6 /* PaginationViewController.swift */; };
		FDB1E45129FCD09C0042F6F6 /* PaginationViewModel.swift in Sources */ = {isa = PBXBuildFile; fileRef = FDB1E45029FCD09C0042F6F6 /* PaginationViewModel.swift */; };
		FDB1E45329FCD0CC0042F6F6 /* PaginationDummyService.swift in Sources */ = {isa = PBXBuildFile; fileRef = FDB1E45229FCD0CC0042F6F6 /* PaginationDummyService.swift */; };
		FDB1E45529FCD1430042F6F6 /* PaginationHeaderType.swift in Sources */ = {isa = PBXBuildFile; fileRef = FDB1E45429FCD1430042F6F6 /* PaginationHeaderType.swift */; };
		FDB232D529FF2AF30098BD04 /* NewModel.swift in Sources */ = {isa = PBXBuildFile; fileRef = FDB232D429FF2AF30098BD04 /* NewModel.swift */; };
		FDB5E08229D7DA47009ADEA2 /* AppDelegate.swift in Sources */ = {isa = PBXBuildFile; fileRef = FDB5E08129D7DA47009ADEA2 /* AppDelegate.swift */; };
		FDB5E08429D7DA47009ADEA2 /* SceneDelegate.swift in Sources */ = {isa = PBXBuildFile; fileRef = FDB5E08329D7DA47009ADEA2 /* SceneDelegate.swift */; };
		FDB5E08629D7DA47009ADEA2 /* ViewController.swift in Sources */ = {isa = PBXBuildFile; fileRef = FDB5E08529D7DA47009ADEA2 /* ViewController.swift */; };
		FDB5E08929D7DA47009ADEA2 /* Main.storyboard in Resources */ = {isa = PBXBuildFile; fileRef = FDB5E08729D7DA47009ADEA2 /* Main.storyboard */; };
		FDB5E08B29D7DA48009ADEA2 /* Assets.xcassets in Resources */ = {isa = PBXBuildFile; fileRef = FDB5E08A29D7DA48009ADEA2 /* Assets.xcassets */; };
		FDB5E08E29D7DA48009ADEA2 /* LaunchScreen.storyboard in Resources */ = {isa = PBXBuildFile; fileRef = FDB5E08C29D7DA48009ADEA2 /* LaunchScreen.storyboard */; };
		FDB5E09929D7DA48009ADEA2 /* PracticeTests.swift in Sources */ = {isa = PBXBuildFile; fileRef = FDB5E09829D7DA48009ADEA2 /* PracticeTests.swift */; };
		FDB5E0A329D7DA48009ADEA2 /* PracticeUITests.swift in Sources */ = {isa = PBXBuildFile; fileRef = FDB5E0A229D7DA48009ADEA2 /* PracticeUITests.swift */; };
		FDB5E0A529D7DA48009ADEA2 /* PracticeUITestsLaunchTests.swift in Sources */ = {isa = PBXBuildFile; fileRef = FDB5E0A429D7DA48009ADEA2 /* PracticeUITestsLaunchTests.swift */; };
		FDB5E0B329D7DC03009ADEA2 /* SliderAndTextField.storyboard in Resources */ = {isa = PBXBuildFile; fileRef = FDB5E0B229D7DC03009ADEA2 /* SliderAndTextField.storyboard */; };
		FDB5E0B529D7DC56009ADEA2 /* CustomRangeSeekSlider.swift in Sources */ = {isa = PBXBuildFile; fileRef = FDB5E0B429D7DC56009ADEA2 /* CustomRangeSeekSlider.swift */; };
		FDB5E0B729D7DFF6009ADEA2 /* SliderAndTextFieldViewModel.swift in Sources */ = {isa = PBXBuildFile; fileRef = FDB5E0B629D7DFF6009ADEA2 /* SliderAndTextFieldViewModel.swift */; };
		FDB5E0B929D7E0EB009ADEA2 /* SliderAndTextFieldViewController.swift in Sources */ = {isa = PBXBuildFile; fileRef = FDB5E0B829D7E0EB009ADEA2 /* SliderAndTextFieldViewController.swift */; };
/* End PBXBuildFile section */

/* Begin PBXContainerItemProxy section */
		FDB5E09529D7DA48009ADEA2 /* PBXContainerItemProxy */ = {
			isa = PBXContainerItemProxy;
			containerPortal = FDB5E07629D7DA47009ADEA2 /* Project object */;
			proxyType = 1;
			remoteGlobalIDString = FDB5E07D29D7DA47009ADEA2;
			remoteInfo = Practice;
		};
		FDB5E09F29D7DA48009ADEA2 /* PBXContainerItemProxy */ = {
			isa = PBXContainerItemProxy;
			containerPortal = FDB5E07629D7DA47009ADEA2 /* Project object */;
			proxyType = 1;
			remoteGlobalIDString = FDB5E07D29D7DA47009ADEA2;
			remoteInfo = Practice;
		};
/* End PBXContainerItemProxy section */

/* Begin PBXFileReference section */
		52013448A94BA09103A5A5BA /* Pods_PracticeTests.framework */ = {isa = PBXFileReference; explicitFileType = wrapper.framework; includeInIndex = 0; path = Pods_PracticeTests.framework; sourceTree = BUILT_PRODUCTS_DIR; };
		58315194AB53557BD07DEBB5 /* Pods-Practice-PracticeUITests.debug.xcconfig */ = {isa = PBXFileReference; includeInIndex = 1; lastKnownFileType = text.xcconfig; name = "Pods-Practice-PracticeUITests.debug.xcconfig"; path = "Target Support Files/Pods-Practice-PracticeUITests/Pods-Practice-PracticeUITests.debug.xcconfig"; sourceTree = "<group>"; };
		8DFC9D3BF2F06458CD96DD78 /* Pods-Practice.release.xcconfig */ = {isa = PBXFileReference; includeInIndex = 1; lastKnownFileType = text.xcconfig; name = "Pods-Practice.release.xcconfig"; path = "Target Support Files/Pods-Practice/Pods-Practice.release.xcconfig"; sourceTree = "<group>"; };
		8ECA1832006A8F1E22F9242D /* Pods-Practice.debug.xcconfig */ = {isa = PBXFileReference; includeInIndex = 1; lastKnownFileType = text.xcconfig; name = "Pods-Practice.debug.xcconfig"; path = "Target Support Files/Pods-Practice/Pods-Practice.debug.xcconfig"; sourceTree = "<group>"; };
		93DBDBD0A7A4BEEBB75B0678 /* Pods-PracticeTests.release.xcconfig */ = {isa = PBXFileReference; includeInIndex = 1; lastKnownFileType = text.xcconfig; name = "Pods-PracticeTests.release.xcconfig"; path = "Target Support Files/Pods-PracticeTests/Pods-PracticeTests.release.xcconfig"; sourceTree = "<group>"; };
		945EA592DD0BBF76E3D97648 /* Pods_Practice.framework */ = {isa = PBXFileReference; explicitFileType = wrapper.framework; includeInIndex = 0; path = Pods_Practice.framework; sourceTree = BUILT_PRODUCTS_DIR; };
		94B44F47100CE2D0DBB2E5BB /* Pods-PracticeTests.debug.xcconfig */ = {isa = PBXFileReference; includeInIndex = 1; lastKnownFileType = text.xcconfig; name = "Pods-PracticeTests.debug.xcconfig"; path = "Target Support Files/Pods-PracticeTests/Pods-PracticeTests.debug.xcconfig"; sourceTree = "<group>"; };
		DDD3A4B491ECA6BACE0FD777 /* Pods_Practice_PracticeUITests.framework */ = {isa = PBXFileReference; explicitFileType = wrapper.framework; includeInIndex = 0; path = Pods_Practice_PracticeUITests.framework; sourceTree = BUILT_PRODUCTS_DIR; };
		F35799226F9BED2F4461A17A /* Pods-Practice-PracticeUITests.release.xcconfig */ = {isa = PBXFileReference; includeInIndex = 1; lastKnownFileType = text.xcconfig; name = "Pods-Practice-PracticeUITests.release.xcconfig"; path = "Target Support Files/Pods-Practice-PracticeUITests/Pods-Practice-PracticeUITests.release.xcconfig"; sourceTree = "<group>"; };
		FDA9119229E0FDDE00CE3625 /* TestView.swift */ = {isa = PBXFileReference; lastKnownFileType = sourcecode.swift; path = TestView.swift; sourceTree = "<group>"; };
		FDA9119429E0FF5500CE3625 /* XcodePreviews.storyboard */ = {isa = PBXFileReference; lastKnownFileType = file.storyboard; path = XcodePreviews.storyboard; sourceTree = "<group>"; };
		FDA9119629E1019200CE3625 /* InputAppliable.swift */ = {isa = PBXFileReference; lastKnownFileType = sourcecode.swift; path = InputAppliable.swift; sourceTree = "<group>"; };
		FDA9119929E106BA00CE3625 /* TestViewPreview.swift */ = {isa = PBXFileReference; lastKnownFileType = sourcecode.swift; path = TestViewPreview.swift; sourceTree = "<group>"; };
		FDA9119B29E113B500CE3625 /* TestViewFromXib.swift */ = {isa = PBXFileReference; lastKnownFileType = sourcecode.swift; path = TestViewFromXib.swift; sourceTree = "<group>"; };
		FDA9119D29E113D700CE3625 /* TestViewFromXib.xib */ = {isa = PBXFileReference; lastKnownFileType = file.xib; path = TestViewFromXib.xib; sourceTree = "<group>"; };
		FDA911A029E114A600CE3625 /* UIViewExtensions.swift */ = {isa = PBXFileReference; lastKnownFileType = sourcecode.swift; path = UIViewExtensions.swift; sourceTree = "<group>"; };
		FDA911A229E1167F00CE3625 /* TextViewFromXibPreview.swift */ = {isa = PBXFileReference; lastKnownFileType = sourcecode.swift; path = TextViewFromXibPreview.swift; sourceTree = "<group>"; };
		FDA911A929E11B1F00CE3625 /* TestViewFromXibCollectionViewCell.swift */ = {isa = PBXFileReference; lastKnownFileType = sourcecode.swift; path = TestViewFromXibCollectionViewCell.swift; sourceTree = "<group>"; };
		FDA911AA29E11B1F00CE3625 /* TestViewFromXibCollectionViewCell.xib */ = {isa = PBXFileReference; lastKnownFileType = file.xib; path = TestViewFromXibCollectionViewCell.xib; sourceTree = "<group>"; };
		FDA911AD29E18AE700CE3625 /* PreviewContainerViewController.swift */ = {isa = PBXFileReference; lastKnownFileType = sourcecode.swift; path = PreviewContainerViewController.swift; sourceTree = "<group>"; };
		FDA911AF29E191B700CE3625 /* XcodePreviewsViewController.swift */ = {isa = PBXFileReference; lastKnownFileType = sourcecode.swift; path = XcodePreviewsViewController.swift; sourceTree = "<group>"; };
		FDA92CB529D93DC100D5B722 /* ExpandableTableView.storyboard */ = {isa = PBXFileReference; lastKnownFileType = file.storyboard; path = ExpandableTableView.storyboard; sourceTree = "<group>"; };
		FDA92CB729D93DF500D5B722 /* ExpandableTableViewController.swift */ = {isa = PBXFileReference; lastKnownFileType = sourcecode.swift; path = ExpandableTableViewController.swift; sourceTree = "<group>"; };
		FDA92CB929D93EEB00D5B722 /* ExpandableTableViewCell1.swift */ = {isa = PBXFileReference; lastKnownFileType = sourcecode.swift; path = ExpandableTableViewCell1.swift; sourceTree = "<group>"; };
		FDA92CBA29D93EEB00D5B722 /* ExpandableTableViewCell1.xib */ = {isa = PBXFileReference; lastKnownFileType = file.xib; path = ExpandableTableViewCell1.xib; sourceTree = "<group>"; };
		FDA92CBD29D93F1900D5B722 /* ExpandableHeaderView.swift */ = {isa = PBXFileReference; lastKnownFileType = sourcecode.swift; path = ExpandableHeaderView.swift; sourceTree = "<group>"; };
		FDA92CBF29D93F2600D5B722 /* ExpandableHeaderView.xib */ = {isa = PBXFileReference; lastKnownFileType = file.xib; path = ExpandableHeaderView.xib; sourceTree = "<group>"; };
		FDA92CC129D94B3E00D5B722 /* ExpandableType.swift */ = {isa = PBXFileReference; lastKnownFileType = sourcecode.swift; path = ExpandableType.swift; sourceTree = "<group>"; };
		FDA92CC329D95BD100D5B722 /* IBTableViewCell.swift */ = {isa = PBXFileReference; lastKnownFileType = sourcecode.swift; path = IBTableViewCell.swift; sourceTree = "<group>"; };
		FDAF686629FDF8D60032C083 /* RxSwiftMVVMViewController.swift */ = {isa = PBXFileReference; lastKnownFileType = sourcecode.swift; path = RxSwiftMVVMViewController.swift; sourceTree = "<group>"; };
		FDAF686829FDF8E80032C083 /* RxSwiftMVVMViewModel.swift */ = {isa = PBXFileReference; lastKnownFileType = sourcecode.swift; path = RxSwiftMVVMViewModel.swift; sourceTree = "<group>"; };
		FDAF686A29FDF8F70032C083 /* RxSwiftMVVMModel.swift */ = {isa = PBXFileReference; lastKnownFileType = sourcecode.swift; path = RxSwiftMVVMModel.swift; sourceTree = "<group>"; };
		FDAF686C29FDFAF70032C083 /* ModelError.swift */ = {isa = PBXFileReference; lastKnownFileType = sourcecode.swift; path = ModelError.swift; sourceTree = "<group>"; };
		FDAF686E29FDFF270032C083 /* PaginationModel.swift */ = {isa = PBXFileReference; lastKnownFileType = sourcecode.swift; path = PaginationModel.swift; sourceTree = "<group>"; };
		FDB1E44A29FCD0630042F6F6 /* Pagination.storyboard */ = {isa = PBXFileReference; lastKnownFileType = file.storyboard; path = Pagination.storyboard; sourceTree = "<group>"; };
		FDB1E44C29FCD07A0042F6F6 /* PaginationViewController.swift */ = {isa = PBXFileReference; lastKnownFileType = sourcecode.swift; path = PaginationViewController.swift; sourceTree = "<group>"; };
		FDB1E45029FCD09C0042F6F6 /* PaginationViewModel.swift */ = {isa = PBXFileReference; lastKnownFileType = sourcecode.swift; path = PaginationViewModel.swift; sourceTree = "<group>"; };
		FDB1E45229FCD0CC0042F6F6 /* PaginationDummyService.swift */ = {isa = PBXFileReference; lastKnownFileType = sourcecode.swift; path = PaginationDummyService.swift; sourceTree = "<group>"; };
		FDB1E45429FCD1430042F6F6 /* PaginationHeaderType.swift */ = {isa = PBXFileReference; lastKnownFileType = sourcecode.swift; path = PaginationHeaderType.swift; sourceTree = "<group>"; };
		FDB232D429FF2AF30098BD04 /* NewModel.swift */ = {isa = PBXFileReference; lastKnownFileType = sourcecode.swift; path = NewModel.swift; sourceTree = "<group>"; };
		FDB5E07E29D7DA47009ADEA2 /* Practice.app */ = {isa = PBXFileReference; explicitFileType = wrapper.application; includeInIndex = 0; path = Practice.app; sourceTree = BUILT_PRODUCTS_DIR; };
		FDB5E08129D7DA47009ADEA2 /* AppDelegate.swift */ = {isa = PBXFileReference; lastKnownFileType = sourcecode.swift; path = AppDelegate.swift; sourceTree = "<group>"; };
		FDB5E08329D7DA47009ADEA2 /* SceneDelegate.swift */ = {isa = PBXFileReference; lastKnownFileType = sourcecode.swift; path = SceneDelegate.swift; sourceTree = "<group>"; };
		FDB5E08529D7DA47009ADEA2 /* ViewController.swift */ = {isa = PBXFileReference; lastKnownFileType = sourcecode.swift; path = ViewController.swift; sourceTree = "<group>"; };
		FDB5E08829D7DA47009ADEA2 /* Base */ = {isa = PBXFileReference; lastKnownFileType = file.storyboard; name = Base; path = Base.lproj/Main.storyboard; sourceTree = "<group>"; };
		FDB5E08A29D7DA48009ADEA2 /* Assets.xcassets */ = {isa = PBXFileReference; lastKnownFileType = folder.assetcatalog; path = Assets.xcassets; sourceTree = "<group>"; };
		FDB5E08D29D7DA48009ADEA2 /* Base */ = {isa = PBXFileReference; lastKnownFileType = file.storyboard; name = Base; path = Base.lproj/LaunchScreen.storyboard; sourceTree = "<group>"; };
		FDB5E08F29D7DA48009ADEA2 /* Info.plist */ = {isa = PBXFileReference; lastKnownFileType = text.plist.xml; path = Info.plist; sourceTree = "<group>"; };
		FDB5E09429D7DA48009ADEA2 /* PracticeTests.xctest */ = {isa = PBXFileReference; explicitFileType = wrapper.cfbundle; includeInIndex = 0; path = PracticeTests.xctest; sourceTree = BUILT_PRODUCTS_DIR; };
		FDB5E09829D7DA48009ADEA2 /* PracticeTests.swift */ = {isa = PBXFileReference; lastKnownFileType = sourcecode.swift; path = PracticeTests.swift; sourceTree = "<group>"; };
		FDB5E09E29D7DA48009ADEA2 /* PracticeUITests.xctest */ = {isa = PBXFileReference; explicitFileType = wrapper.cfbundle; includeInIndex = 0; path = PracticeUITests.xctest; sourceTree = BUILT_PRODUCTS_DIR; };
		FDB5E0A229D7DA48009ADEA2 /* PracticeUITests.swift */ = {isa = PBXFileReference; lastKnownFileType = sourcecode.swift; path = PracticeUITests.swift; sourceTree = "<group>"; };
		FDB5E0A429D7DA48009ADEA2 /* PracticeUITestsLaunchTests.swift */ = {isa = PBXFileReference; lastKnownFileType = sourcecode.swift; path = PracticeUITestsLaunchTests.swift; sourceTree = "<group>"; };
		FDB5E0B229D7DC03009ADEA2 /* SliderAndTextField.storyboard */ = {isa = PBXFileReference; lastKnownFileType = file.storyboard; path = SliderAndTextField.storyboard; sourceTree = "<group>"; };
		FDB5E0B429D7DC56009ADEA2 /* CustomRangeSeekSlider.swift */ = {isa = PBXFileReference; lastKnownFileType = sourcecode.swift; path = CustomRangeSeekSlider.swift; sourceTree = "<group>"; };
		FDB5E0B629D7DFF6009ADEA2 /* SliderAndTextFieldViewModel.swift */ = {isa = PBXFileReference; lastKnownFileType = sourcecode.swift; path = SliderAndTextFieldViewModel.swift; sourceTree = "<group>"; };
		FDB5E0B829D7E0EB009ADEA2 /* SliderAndTextFieldViewController.swift */ = {isa = PBXFileReference; lastKnownFileType = sourcecode.swift; path = SliderAndTextFieldViewController.swift; sourceTree = "<group>"; };
/* End PBXFileReference section */

/* Begin PBXFrameworksBuildPhase section */
		FDB5E07B29D7DA47009ADEA2 /* Frameworks */ = {
			isa = PBXFrameworksBuildPhase;
			buildActionMask = 2147483647;
			files = (
				F1402B1F266309FBD04F63A4 /* Pods_Practice.framework in Frameworks */,
			);
			runOnlyForDeploymentPostprocessing = 0;
		};
		FDB5E09129D7DA48009ADEA2 /* Frameworks */ = {
			isa = PBXFrameworksBuildPhase;
			buildActionMask = 2147483647;
			files = (
				C8C55EA4D594494177C83F47 /* Pods_PracticeTests.framework in Frameworks */,
			);
			runOnlyForDeploymentPostprocessing = 0;
		};
		FDB5E09B29D7DA48009ADEA2 /* Frameworks */ = {
			isa = PBXFrameworksBuildPhase;
			buildActionMask = 2147483647;
			files = (
				8674EB3AAC6754D99215A87C /* Pods_Practice_PracticeUITests.framework in Frameworks */,
			);
			runOnlyForDeploymentPostprocessing = 0;
		};
/* End PBXFrameworksBuildPhase section */

/* Begin PBXGroup section */
		5079ACA7B8BA9B5C2C8A28C2 /* Pods */ = {
			isa = PBXGroup;
			children = (
				8ECA1832006A8F1E22F9242D /* Pods-Practice.debug.xcconfig */,
				8DFC9D3BF2F06458CD96DD78 /* Pods-Practice.release.xcconfig */,
				58315194AB53557BD07DEBB5 /* Pods-Practice-PracticeUITests.debug.xcconfig */,
				F35799226F9BED2F4461A17A /* Pods-Practice-PracticeUITests.release.xcconfig */,
				94B44F47100CE2D0DBB2E5BB /* Pods-PracticeTests.debug.xcconfig */,
				93DBDBD0A7A4BEEBB75B0678 /* Pods-PracticeTests.release.xcconfig */,
			);
			path = Pods;
			sourceTree = "<group>";
		};
		D7FBB5311AFC8894F67BDEDE /* Frameworks */ = {
			isa = PBXGroup;
			children = (
				945EA592DD0BBF76E3D97648 /* Pods_Practice.framework */,
				DDD3A4B491ECA6BACE0FD777 /* Pods_Practice_PracticeUITests.framework */,
				52013448A94BA09103A5A5BA /* Pods_PracticeTests.framework */,
			);
			name = Frameworks;
			sourceTree = "<group>";
		};
		FDA9119129E0FD8800CE3625 /* XcodePreviews */ = {
			isa = PBXGroup;
			children = (
				FDA911A429E118AB00CE3625 /* CreateXIB */,
				FDA9119829E1019600CE3625 /* Protocol */,
				FDA9119229E0FDDE00CE3625 /* TestView.swift */,
				FDA9119929E106BA00CE3625 /* TestViewPreview.swift */,
				FDA9119429E0FF5500CE3625 /* XcodePreviews.storyboard */,
				FDA911AF29E191B700CE3625 /* XcodePreviewsViewController.swift */,
				FDA911AD29E18AE700CE3625 /* PreviewContainerViewController.swift */,
			);
			path = XcodePreviews;
			sourceTree = "<group>";
		};
		FDA9119829E1019600CE3625 /* Protocol */ = {
			isa = PBXGroup;
			children = (
				FDA9119629E1019200CE3625 /* InputAppliable.swift */,
			);
			path = Protocol;
			sourceTree = "<group>";
		};
		FDA9119F29E1148E00CE3625 /* Extentions */ = {
			isa = PBXGroup;
			children = (
				FDA911A029E114A600CE3625 /* UIViewExtensions.swift */,
			);
			path = Extentions;
			sourceTree = "<group>";
		};
		FDA911A429E118AB00CE3625 /* CreateXIB */ = {
			isa = PBXGroup;
			children = (
				FDA911A229E1167F00CE3625 /* TextViewFromXibPreview.swift */,
				FDA9119B29E113B500CE3625 /* TestViewFromXib.swift */,
				FDA9119D29E113D700CE3625 /* TestViewFromXib.xib */,
				FDA911A929E11B1F00CE3625 /* TestViewFromXibCollectionViewCell.swift */,
				FDA911AA29E11B1F00CE3625 /* TestViewFromXibCollectionViewCell.xib */,
			);
			path = CreateXIB;
			sourceTree = "<group>";
		};
		FDA92CB429D93D9D00D5B722 /* ExpandableTableView */ = {
			isa = PBXGroup;
			children = (
				FDA92CB529D93DC100D5B722 /* ExpandableTableView.storyboard */,
				FDA92CB729D93DF500D5B722 /* ExpandableTableViewController.swift */,
				FDA92CB929D93EEB00D5B722 /* ExpandableTableViewCell1.swift */,
				FDA92CBA29D93EEB00D5B722 /* ExpandableTableViewCell1.xib */,
				FDA92CBD29D93F1900D5B722 /* ExpandableHeaderView.swift */,
				FDA92CBF29D93F2600D5B722 /* ExpandableHeaderView.xib */,
				FDA92CC129D94B3E00D5B722 /* ExpandableType.swift */,
				FDA92CC329D95BD100D5B722 /* IBTableViewCell.swift */,
			);
			path = ExpandableTableView;
			sourceTree = "<group>";
		};
		FDAF686529FDF89E0032C083 /* RxSwiftMVVM */ = {
			isa = PBXGroup;
			children = (
				FDAF686629FDF8D60032C083 /* RxSwiftMVVMViewController.swift */,
				FDAF686829FDF8E80032C083 /* RxSwiftMVVMViewModel.swift */,
				FDAF686A29FDF8F70032C083 /* RxSwiftMVVMModel.swift */,
				FDAF686C29FDFAF70032C083 /* ModelError.swift */,
			);
			path = RxSwiftMVVM;
			sourceTree = "<group>";
		};
		FDB1E44929FCD03C0042F6F6 /* Pagination */ = {
			isa = PBXGroup;
			children = (
				FDB1E44A29FCD0630042F6F6 /* Pagination.storyboard */,
				FDB1E44C29FCD07A0042F6F6 /* PaginationViewController.swift */,
				FDB1E45029FCD09C0042F6F6 /* PaginationViewModel.swift */,
				FDB1E45229FCD0CC0042F6F6 /* PaginationDummyService.swift */,
				FDB1E45429FCD1430042F6F6 /* PaginationHeaderType.swift */,
				FDAF686E29FDFF270032C083 /* PaginationModel.swift */,
				FDB232D429FF2AF30098BD04 /* NewModel.swift */,
			);
			path = Pagination;
			sourceTree = "<group>";
		};
		FDB5E07529D7DA47009ADEA2 = {
			isa = PBXGroup;
			children = (
				FDB5E08029D7DA47009ADEA2 /* Practice */,
				FDB5E09729D7DA48009ADEA2 /* PracticeTests */,
				FDB5E0A129D7DA48009ADEA2 /* PracticeUITests */,
				FDB5E07F29D7DA47009ADEA2 /* Products */,
				5079ACA7B8BA9B5C2C8A28C2 /* Pods */,
				D7FBB5311AFC8894F67BDEDE /* Frameworks */,
			);
			sourceTree = "<group>";
		};
		FDB5E07F29D7DA47009ADEA2 /* Products */ = {
			isa = PBXGroup;
			children = (
				FDB5E07E29D7DA47009ADEA2 /* Practice.app */,
				FDB5E09429D7DA48009ADEA2 /* PracticeTests.xctest */,
				FDB5E09E29D7DA48009ADEA2 /* PracticeUITests.xctest */,
			);
			name = Products;
			sourceTree = "<group>";
		};
		FDB5E08029D7DA47009ADEA2 /* Practice */ = {
			isa = PBXGroup;
			children = (
				FDAF686529FDF89E0032C083 /* RxSwiftMVVM */,
				FDB1E44929FCD03C0042F6F6 /* Pagination */,
				FDA9119F29E1148E00CE3625 /* Extentions */,
				FDA92CB429D93D9D00D5B722 /* ExpandableTableView */,
				FDB5E0B129D7DBE9009ADEA2 /* SliderAndTextField */,
				FDA9119129E0FD8800CE3625 /* XcodePreviews */,
				FDB5E08129D7DA47009ADEA2 /* AppDelegate.swift */,
				FDB5E08329D7DA47009ADEA2 /* SceneDelegate.swift */,
				FDB5E08529D7DA47009ADEA2 /* ViewController.swift */,
				FDB5E08729D7DA47009ADEA2 /* Main.storyboard */,
				FDB5E08A29D7DA48009ADEA2 /* Assets.xcassets */,
				FDB5E08C29D7DA48009ADEA2 /* LaunchScreen.storyboard */,
				FDB5E08F29D7DA48009ADEA2 /* Info.plist */,
			);
			path = Practice;
			sourceTree = "<group>";
		};
		FDB5E09729D7DA48009ADEA2 /* PracticeTests */ = {
			isa = PBXGroup;
			children = (
				FDB5E09829D7DA48009ADEA2 /* PracticeTests.swift */,
			);
			path = PracticeTests;
			sourceTree = "<group>";
		};
		FDB5E0A129D7DA48009ADEA2 /* PracticeUITests */ = {
			isa = PBXGroup;
			children = (
				FDB5E0A229D7DA48009ADEA2 /* PracticeUITests.swift */,
				FDB5E0A429D7DA48009ADEA2 /* PracticeUITestsLaunchTests.swift */,
			);
			path = PracticeUITests;
			sourceTree = "<group>";
		};
		FDB5E0B129D7DBE9009ADEA2 /* SliderAndTextField */ = {
			isa = PBXGroup;
			children = (
				FDB5E0B229D7DC03009ADEA2 /* SliderAndTextField.storyboard */,
				FDB5E0B429D7DC56009ADEA2 /* CustomRangeSeekSlider.swift */,
				FDB5E0B629D7DFF6009ADEA2 /* SliderAndTextFieldViewModel.swift */,
				FDB5E0B829D7E0EB009ADEA2 /* SliderAndTextFieldViewController.swift */,
			);
			path = SliderAndTextField;
			sourceTree = "<group>";
		};
/* End PBXGroup section */

/* Begin PBXNativeTarget section */
		FDB5E07D29D7DA47009ADEA2 /* Practice */ = {
			isa = PBXNativeTarget;
			buildConfigurationList = FDB5E0A829D7DA48009ADEA2 /* Build configuration list for PBXNativeTarget "Practice" */;
			buildPhases = (
				C6D8D88B492E870BBADAC09D /* [CP] Check Pods Manifest.lock */,
				FDB5E07A29D7DA47009ADEA2 /* Sources */,
				FDB5E07B29D7DA47009ADEA2 /* Frameworks */,
				FDB5E07C29D7DA47009ADEA2 /* Resources */,
				ADE64742B4E274D73D98C6AC /* [CP] Embed Pods Frameworks */,
			);
			buildRules = (
			);
			dependencies = (
			);
			name = Practice;
			productName = Practice;
			productReference = FDB5E07E29D7DA47009ADEA2 /* Practice.app */;
			productType = "com.apple.product-type.application";
		};
		FDB5E09329D7DA48009ADEA2 /* PracticeTests */ = {
			isa = PBXNativeTarget;
			buildConfigurationList = FDB5E0AB29D7DA48009ADEA2 /* Build configuration list for PBXNativeTarget "PracticeTests" */;
			buildPhases = (
				649A03673498DEFED7AD4C8D /* [CP] Check Pods Manifest.lock */,
				FDB5E09029D7DA48009ADEA2 /* Sources */,
				FDB5E09129D7DA48009ADEA2 /* Frameworks */,
				FDB5E09229D7DA48009ADEA2 /* Resources */,
			);
			buildRules = (
			);
			dependencies = (
				FDB5E09629D7DA48009ADEA2 /* PBXTargetDependency */,
			);
			name = PracticeTests;
			productName = PracticeTests;
			productReference = FDB5E09429D7DA48009ADEA2 /* PracticeTests.xctest */;
			productType = "com.apple.product-type.bundle.unit-test";
		};
		FDB5E09D29D7DA48009ADEA2 /* PracticeUITests */ = {
			isa = PBXNativeTarget;
			buildConfigurationList = FDB5E0AE29D7DA48009ADEA2 /* Build configuration list for PBXNativeTarget "PracticeUITests" */;
			buildPhases = (
				85BAE60A8B6C03B851330F3E /* [CP] Check Pods Manifest.lock */,
				FDB5E09A29D7DA48009ADEA2 /* Sources */,
				FDB5E09B29D7DA48009ADEA2 /* Frameworks */,
				FDB5E09C29D7DA48009ADEA2 /* Resources */,
				93979B886A50EBC5909C6D95 /* [CP] Embed Pods Frameworks */,
			);
			buildRules = (
			);
			dependencies = (
				FDB5E0A029D7DA48009ADEA2 /* PBXTargetDependency */,
			);
			name = PracticeUITests;
			productName = PracticeUITests;
			productReference = FDB5E09E29D7DA48009ADEA2 /* PracticeUITests.xctest */;
			productType = "com.apple.product-type.bundle.ui-testing";
		};
/* End PBXNativeTarget section */

/* Begin PBXProject section */
		FDB5E07629D7DA47009ADEA2 /* Project object */ = {
			isa = PBXProject;
			attributes = {
				BuildIndependentTargetsInParallel = 1;
				LastSwiftUpdateCheck = 1400;
				LastUpgradeCheck = 1400;
				TargetAttributes = {
					FDB5E07D29D7DA47009ADEA2 = {
						CreatedOnToolsVersion = 14.0;
					};
					FDB5E09329D7DA48009ADEA2 = {
						CreatedOnToolsVersion = 14.0;
						TestTargetID = FDB5E07D29D7DA47009ADEA2;
					};
					FDB5E09D29D7DA48009ADEA2 = {
						CreatedOnToolsVersion = 14.0;
						TestTargetID = FDB5E07D29D7DA47009ADEA2;
					};
				};
			};
			buildConfigurationList = FDB5E07929D7DA47009ADEA2 /* Build configuration list for PBXProject "Practice" */;
			compatibilityVersion = "Xcode 14.0";
			developmentRegion = en;
			hasScannedForEncodings = 0;
			knownRegions = (
				en,
				Base,
			);
			mainGroup = FDB5E07529D7DA47009ADEA2;
			productRefGroup = FDB5E07F29D7DA47009ADEA2 /* Products */;
			projectDirPath = "";
			projectRoot = "";
			targets = (
				FDB5E07D29D7DA47009ADEA2 /* Practice */,
				FDB5E09329D7DA48009ADEA2 /* PracticeTests */,
				FDB5E09D29D7DA48009ADEA2 /* PracticeUITests */,
			);
		};
/* End PBXProject section */

/* Begin PBXResourcesBuildPhase section */
		FDB5E07C29D7DA47009ADEA2 /* Resources */ = {
			isa = PBXResourcesBuildPhase;
			buildActionMask = 2147483647;
			files = (
				FDA9119E29E113D700CE3625 /* TestViewFromXib.xib in Resources */,
				FDB1E44B29FCD0630042F6F6 /* Pagination.storyboard in Resources */,
				FDB5E08E29D7DA48009ADEA2 /* LaunchScreen.storyboard in Resources */,
				FDB5E08B29D7DA48009ADEA2 /* Assets.xcassets in Resources */,
				FDA92CB629D93DC100D5B722 /* ExpandableTableView.storyboard in Resources */,
				FDA92CBC29D93EEB00D5B722 /* ExpandableTableViewCell1.xib in Resources */,
				FDB5E08929D7DA47009ADEA2 /* Main.storyboard in Resources */,
				FDB5E0B329D7DC03009ADEA2 /* SliderAndTextField.storyboard in Resources */,
				FDA911AC29E11B1F00CE3625 /* TestViewFromXibCollectionViewCell.xib in Resources */,
				FDA92CC029D93F2600D5B722 /* ExpandableHeaderView.xib in Resources */,
				FDA9119529E0FF5500CE3625 /* XcodePreviews.storyboard in Resources */,
			);
			runOnlyForDeploymentPostprocessing = 0;
		};
		FDB5E09229D7DA48009ADEA2 /* Resources */ = {
			isa = PBXResourcesBuildPhase;
			buildActionMask = 2147483647;
			files = (
			);
			runOnlyForDeploymentPostprocessing = 0;
		};
		FDB5E09C29D7DA48009ADEA2 /* Resources */ = {
			isa = PBXResourcesBuildPhase;
			buildActionMask = 2147483647;
			files = (
			);
			runOnlyForDeploymentPostprocessing = 0;
		};
/* End PBXResourcesBuildPhase section */

/* Begin PBXShellScriptBuildPhase section */
		649A03673498DEFED7AD4C8D /* [CP] Check Pods Manifest.lock */ = {
			isa = PBXShellScriptBuildPhase;
			buildActionMask = 2147483647;
			files = (
			);
			inputFileListPaths = (
			);
			inputPaths = (
				"${PODS_PODFILE_DIR_PATH}/Podfile.lock",
				"${PODS_ROOT}/Manifest.lock",
			);
			name = "[CP] Check Pods Manifest.lock";
			outputFileListPaths = (
			);
			outputPaths = (
				"$(DERIVED_FILE_DIR)/Pods-PracticeTests-checkManifestLockResult.txt",
			);
			runOnlyForDeploymentPostprocessing = 0;
			shellPath = /bin/sh;
			shellScript = "diff \"${PODS_PODFILE_DIR_PATH}/Podfile.lock\" \"${PODS_ROOT}/Manifest.lock\" > /dev/null\nif [ $? != 0 ] ; then\n    # print error to STDERR\n    echo \"error: The sandbox is not in sync with the Podfile.lock. Run 'pod install' or update your CocoaPods installation.\" >&2\n    exit 1\nfi\n# This output is used by Xcode 'outputs' to avoid re-running this script phase.\necho \"SUCCESS\" > \"${SCRIPT_OUTPUT_FILE_0}\"\n";
			showEnvVarsInLog = 0;
		};
		85BAE60A8B6C03B851330F3E /* [CP] Check Pods Manifest.lock */ = {
			isa = PBXShellScriptBuildPhase;
			buildActionMask = 2147483647;
			files = (
			);
			inputFileListPaths = (
			);
			inputPaths = (
				"${PODS_PODFILE_DIR_PATH}/Podfile.lock",
				"${PODS_ROOT}/Manifest.lock",
			);
			name = "[CP] Check Pods Manifest.lock";
			outputFileListPaths = (
			);
			outputPaths = (
				"$(DERIVED_FILE_DIR)/Pods-Practice-PracticeUITests-checkManifestLockResult.txt",
			);
			runOnlyForDeploymentPostprocessing = 0;
			shellPath = /bin/sh;
			shellScript = "diff \"${PODS_PODFILE_DIR_PATH}/Podfile.lock\" \"${PODS_ROOT}/Manifest.lock\" > /dev/null\nif [ $? != 0 ] ; then\n    # print error to STDERR\n    echo \"error: The sandbox is not in sync with the Podfile.lock. Run 'pod install' or update your CocoaPods installation.\" >&2\n    exit 1\nfi\n# This output is used by Xcode 'outputs' to avoid re-running this script phase.\necho \"SUCCESS\" > \"${SCRIPT_OUTPUT_FILE_0}\"\n";
			showEnvVarsInLog = 0;
		};
		93979B886A50EBC5909C6D95 /* [CP] Embed Pods Frameworks */ = {
			isa = PBXShellScriptBuildPhase;
			buildActionMask = 2147483647;
			files = (
			);
			inputFileListPaths = (
				"${PODS_ROOT}/Target Support Files/Pods-Practice-PracticeUITests/Pods-Practice-PracticeUITests-frameworks-${CONFIGURATION}-input-files.xcfilelist",
			);
			name = "[CP] Embed Pods Frameworks";
			outputFileListPaths = (
				"${PODS_ROOT}/Target Support Files/Pods-Practice-PracticeUITests/Pods-Practice-PracticeUITests-frameworks-${CONFIGURATION}-output-files.xcfilelist",
			);
			runOnlyForDeploymentPostprocessing = 0;
			shellPath = /bin/sh;
			shellScript = "\"${PODS_ROOT}/Target Support Files/Pods-Practice-PracticeUITests/Pods-Practice-PracticeUITests-frameworks.sh\"\n";
			showEnvVarsInLog = 0;
		};
		ADE64742B4E274D73D98C6AC /* [CP] Embed Pods Frameworks */ = {
			isa = PBXShellScriptBuildPhase;
			buildActionMask = 2147483647;
			files = (
			);
			inputFileListPaths = (
				"${PODS_ROOT}/Target Support Files/Pods-Practice/Pods-Practice-frameworks-${CONFIGURATION}-input-files.xcfilelist",
			);
			name = "[CP] Embed Pods Frameworks";
			outputFileListPaths = (
				"${PODS_ROOT}/Target Support Files/Pods-Practice/Pods-Practice-frameworks-${CONFIGURATION}-output-files.xcfilelist",
			);
			runOnlyForDeploymentPostprocessing = 0;
			shellPath = /bin/sh;
			shellScript = "\"${PODS_ROOT}/Target Support Files/Pods-Practice/Pods-Practice-frameworks.sh\"\n";
			showEnvVarsInLog = 0;
		};
		C6D8D88B492E870BBADAC09D /* [CP] Check Pods Manifest.lock */ = {
			isa = PBXShellScriptBuildPhase;
			buildActionMask = 2147483647;
			files = (
			);
			inputFileListPaths = (
			);
			inputPaths = (
				"${PODS_PODFILE_DIR_PATH}/Podfile.lock",
				"${PODS_ROOT}/Manifest.lock",
			);
			name = "[CP] Check Pods Manifest.lock";
			outputFileListPaths = (
			);
			outputPaths = (
				"$(DERIVED_FILE_DIR)/Pods-Practice-checkManifestLockResult.txt",
			);
			runOnlyForDeploymentPostprocessing = 0;
			shellPath = /bin/sh;
			shellScript = "diff \"${PODS_PODFILE_DIR_PATH}/Podfile.lock\" \"${PODS_ROOT}/Manifest.lock\" > /dev/null\nif [ $? != 0 ] ; then\n    # print error to STDERR\n    echo \"error: The sandbox is not in sync with the Podfile.lock. Run 'pod install' or update your CocoaPods installation.\" >&2\n    exit 1\nfi\n# This output is used by Xcode 'outputs' to avoid re-running this script phase.\necho \"SUCCESS\" > \"${SCRIPT_OUTPUT_FILE_0}\"\n";
			showEnvVarsInLog = 0;
		};
/* End PBXShellScriptBuildPhase section */

/* Begin PBXSourcesBuildPhase section */
		FDB5E07A29D7DA47009ADEA2 /* Sources */ = {
			isa = PBXSourcesBuildPhase;
			buildActionMask = 2147483647;
			files = (
				FDB1E45129FCD09C0042F6F6 /* PaginationViewModel.swift in Sources */,
				FDA92CB829D93DF500D5B722 /* ExpandableTableViewController.swift in Sources */,
				FDA92CBE29D93F1900D5B722 /* ExpandableHeaderView.swift in Sources */,
				FDB5E08629D7DA47009ADEA2 /* ViewController.swift in Sources */,
				FDB232D529FF2AF30098BD04 /* NewModel.swift in Sources */,
				FDB5E08229D7DA47009ADEA2 /* AppDelegate.swift in Sources */,
				FDA911AE29E18AE700CE3625 /* PreviewContainerViewController.swift in Sources */,
				FDAF686D29FDFAF70032C083 /* ModelError.swift in Sources */,
				FDA911B029E191B700CE3625 /* XcodePreviewsViewController.swift in Sources */,
				FDB5E08429D7DA47009ADEA2 /* SceneDelegate.swift in Sources */,
				FDAF686729FDF8D60032C083 /* RxSwiftMVVMViewController.swift in Sources */,
				FDA9119729E1019200CE3625 /* InputAppliable.swift in Sources */,
				FDA92CC229D94B3E00D5B722 /* ExpandableType.swift in Sources */,
				FDB1E45529FCD1430042F6F6 /* PaginationHeaderType.swift in Sources */,
				FDA911AB29E11B1F00CE3625 /* TestViewFromXibCollectionViewCell.swift in Sources */,
				FDA9119329E0FDDE00CE3625 /* TestView.swift in Sources */,
				FDAF686929FDF8E80032C083 /* RxSwiftMVVMViewModel.swift in Sources */,
				FDA911A329E1167F00CE3625 /* TextViewFromXibPreview.swift in Sources */,
				FDB5E0B529D7DC56009ADEA2 /* CustomRangeSeekSlider.swift in Sources */,
				FDAF686B29FDF8F70032C083 /* RxSwiftMVVMModel.swift in Sources */,
				FDA9119A29E106BA00CE3625 /* TestViewPreview.swift in Sources */,
				FDB1E44E29FCD07A0042F6F6 /* PaginationViewController.swift in Sources */,
				FDAF686F29FDFF270032C083 /* PaginationModel.swift in Sources */,
				FDA911A129E114A600CE3625 /* UIViewExtensions.swift in Sources */,
				FDB5E0B729D7DFF6009ADEA2 /* SliderAndTextFieldViewModel.swift in Sources */,
				FDA92CC429D95BD100D5B722 /* IBTableViewCell.swift in Sources */,
				FDB1E45329FCD0CC0042F6F6 /* PaginationDummyService.swift in Sources */,
				FDB5E0B929D7E0EB009ADEA2 /* SliderAndTextFieldViewController.swift in Sources */,
				FDA92CBB29D93EEB00D5B722 /* ExpandableTableViewCell1.swift in Sources */,
				FDA9119C29E113B500CE3625 /* TestViewFromXib.swift in Sources */,
			);
			runOnlyForDeploymentPostprocessing = 0;
		};
		FDB5E09029D7DA48009ADEA2 /* Sources */ = {
			isa = PBXSourcesBuildPhase;
			buildActionMask = 2147483647;
			files = (
				FDB5E09929D7DA48009ADEA2 /* PracticeTests.swift in Sources */,
			);
			runOnlyForDeploymentPostprocessing = 0;
		};
		FDB5E09A29D7DA48009ADEA2 /* Sources */ = {
			isa = PBXSourcesBuildPhase;
			buildActionMask = 2147483647;
			files = (
				FDB5E0A529D7DA48009ADEA2 /* PracticeUITestsLaunchTests.swift in Sources */,
				FDB5E0A329D7DA48009ADEA2 /* PracticeUITests.swift in Sources */,
			);
			runOnlyForDeploymentPostprocessing = 0;
		};
/* End PBXSourcesBuildPhase section */

/* Begin PBXTargetDependency section */
		FDB5E09629D7DA48009ADEA2 /* PBXTargetDependency */ = {
			isa = PBXTargetDependency;
			target = FDB5E07D29D7DA47009ADEA2 /* Practice */;
			targetProxy = FDB5E09529D7DA48009ADEA2 /* PBXContainerItemProxy */;
		};
		FDB5E0A029D7DA48009ADEA2 /* PBXTargetDependency */ = {
			isa = PBXTargetDependency;
			target = FDB5E07D29D7DA47009ADEA2 /* Practice */;
			targetProxy = FDB5E09F29D7DA48009ADEA2 /* PBXContainerItemProxy */;
		};
/* End PBXTargetDependency section */

/* Begin PBXVariantGroup section */
		FDB5E08729D7DA47009ADEA2 /* Main.storyboard */ = {
			isa = PBXVariantGroup;
			children = (
				FDB5E08829D7DA47009ADEA2 /* Base */,
			);
			name = Main.storyboard;
			sourceTree = "<group>";
		};
		FDB5E08C29D7DA48009ADEA2 /* LaunchScreen.storyboard */ = {
			isa = PBXVariantGroup;
			children = (
				FDB5E08D29D7DA48009ADEA2 /* Base */,
			);
			name = LaunchScreen.storyboard;
			sourceTree = "<group>";
		};
/* End PBXVariantGroup section */

/* Begin XCBuildConfiguration section */
		FDB5E0A629D7DA48009ADEA2 /* Debug */ = {
			isa = XCBuildConfiguration;
			buildSettings = {
				ALWAYS_SEARCH_USER_PATHS = NO;
				CLANG_ANALYZER_NONNULL = YES;
				CLANG_ANALYZER_NUMBER_OBJECT_CONVERSION = YES_AGGRESSIVE;
				CLANG_CXX_LANGUAGE_STANDARD = "gnu++20";
				CLANG_ENABLE_MODULES = YES;
				CLANG_ENABLE_OBJC_ARC = YES;
				CLANG_ENABLE_OBJC_WEAK = YES;
				CLANG_WARN_BLOCK_CAPTURE_AUTORELEASING = YES;
				CLANG_WARN_BOOL_CONVERSION = YES;
				CLANG_WARN_COMMA = YES;
				CLANG_WARN_CONSTANT_CONVERSION = YES;
				CLANG_WARN_DEPRECATED_OBJC_IMPLEMENTATIONS = YES;
				CLANG_WARN_DIRECT_OBJC_ISA_USAGE = YES_ERROR;
				CLANG_WARN_DOCUMENTATION_COMMENTS = YES;
				CLANG_WARN_EMPTY_BODY = YES;
				CLANG_WARN_ENUM_CONVERSION = YES;
				CLANG_WARN_INFINITE_RECURSION = YES;
				CLANG_WARN_INT_CONVERSION = YES;
				CLANG_WARN_NON_LITERAL_NULL_CONVERSION = YES;
				CLANG_WARN_OBJC_IMPLICIT_RETAIN_SELF = YES;
				CLANG_WARN_OBJC_LITERAL_CONVERSION = YES;
				CLANG_WARN_OBJC_ROOT_CLASS = YES_ERROR;
				CLANG_WARN_QUOTED_INCLUDE_IN_FRAMEWORK_HEADER = YES;
				CLANG_WARN_RANGE_LOOP_ANALYSIS = YES;
				CLANG_WARN_STRICT_PROTOTYPES = YES;
				CLANG_WARN_SUSPICIOUS_MOVE = YES;
				CLANG_WARN_UNGUARDED_AVAILABILITY = YES_AGGRESSIVE;
				CLANG_WARN_UNREACHABLE_CODE = YES;
				CLANG_WARN__DUPLICATE_METHOD_MATCH = YES;
				COPY_PHASE_STRIP = NO;
				DEBUG_INFORMATION_FORMAT = dwarf;
				ENABLE_STRICT_OBJC_MSGSEND = YES;
				ENABLE_TESTABILITY = YES;
				GCC_C_LANGUAGE_STANDARD = gnu11;
				GCC_DYNAMIC_NO_PIC = NO;
				GCC_NO_COMMON_BLOCKS = YES;
				GCC_OPTIMIZATION_LEVEL = 0;
				GCC_PREPROCESSOR_DEFINITIONS = (
					"DEBUG=1",
					"$(inherited)",
				);
				GCC_WARN_64_TO_32_BIT_CONVERSION = YES;
				GCC_WARN_ABOUT_RETURN_TYPE = YES_ERROR;
				GCC_WARN_UNDECLARED_SELECTOR = YES;
				GCC_WARN_UNINITIALIZED_AUTOS = YES_AGGRESSIVE;
				GCC_WARN_UNUSED_FUNCTION = YES;
				GCC_WARN_UNUSED_VARIABLE = YES;
				IPHONEOS_DEPLOYMENT_TARGET = 16.0;
				MTL_ENABLE_DEBUG_INFO = INCLUDE_SOURCE;
				MTL_FAST_MATH = YES;
				ONLY_ACTIVE_ARCH = YES;
				SDKROOT = iphoneos;
				SWIFT_ACTIVE_COMPILATION_CONDITIONS = DEBUG;
				SWIFT_OPTIMIZATION_LEVEL = "-Onone";
			};
			name = Debug;
		};
		FDB5E0A729D7DA48009ADEA2 /* Release */ = {
			isa = XCBuildConfiguration;
			buildSettings = {
				ALWAYS_SEARCH_USER_PATHS = NO;
				CLANG_ANALYZER_NONNULL = YES;
				CLANG_ANALYZER_NUMBER_OBJECT_CONVERSION = YES_AGGRESSIVE;
				CLANG_CXX_LANGUAGE_STANDARD = "gnu++20";
				CLANG_ENABLE_MODULES = YES;
				CLANG_ENABLE_OBJC_ARC = YES;
				CLANG_ENABLE_OBJC_WEAK = YES;
				CLANG_WARN_BLOCK_CAPTURE_AUTORELEASING = YES;
				CLANG_WARN_BOOL_CONVERSION = YES;
				CLANG_WARN_COMMA = YES;
				CLANG_WARN_CONSTANT_CONVERSION = YES;
				CLANG_WARN_DEPRECATED_OBJC_IMPLEMENTATIONS = YES;
				CLANG_WARN_DIRECT_OBJC_ISA_USAGE = YES_ERROR;
				CLANG_WARN_DOCUMENTATION_COMMENTS = YES;
				CLANG_WARN_EMPTY_BODY = YES;
				CLANG_WARN_ENUM_CONVERSION = YES;
				CLANG_WARN_INFINITE_RECURSION = YES;
				CLANG_WARN_INT_CONVERSION = YES;
				CLANG_WARN_NON_LITERAL_NULL_CONVERSION = YES;
				CLANG_WARN_OBJC_IMPLICIT_RETAIN_SELF = YES;
				CLANG_WARN_OBJC_LITERAL_CONVERSION = YES;
				CLANG_WARN_OBJC_ROOT_CLASS = YES_ERROR;
				CLANG_WARN_QUOTED_INCLUDE_IN_FRAMEWORK_HEADER = YES;
				CLANG_WARN_RANGE_LOOP_ANALYSIS = YES;
				CLANG_WARN_STRICT_PROTOTYPES = YES;
				CLANG_WARN_SUSPICIOUS_MOVE = YES;
				CLANG_WARN_UNGUARDED_AVAILABILITY = YES_AGGRESSIVE;
				CLANG_WARN_UNREACHABLE_CODE = YES;
				CLANG_WARN__DUPLICATE_METHOD_MATCH = YES;
				COPY_PHASE_STRIP = NO;
				DEBUG_INFORMATION_FORMAT = "dwarf-with-dsym";
				ENABLE_NS_ASSERTIONS = NO;
				ENABLE_STRICT_OBJC_MSGSEND = YES;
				GCC_C_LANGUAGE_STANDARD = gnu11;
				GCC_NO_COMMON_BLOCKS = YES;
				GCC_WARN_64_TO_32_BIT_CONVERSION = YES;
				GCC_WARN_ABOUT_RETURN_TYPE = YES_ERROR;
				GCC_WARN_UNDECLARED_SELECTOR = YES;
				GCC_WARN_UNINITIALIZED_AUTOS = YES_AGGRESSIVE;
				GCC_WARN_UNUSED_FUNCTION = YES;
				GCC_WARN_UNUSED_VARIABLE = YES;
				IPHONEOS_DEPLOYMENT_TARGET = 16.0;
				MTL_ENABLE_DEBUG_INFO = NO;
				MTL_FAST_MATH = YES;
				SDKROOT = iphoneos;
				SWIFT_COMPILATION_MODE = wholemodule;
				SWIFT_OPTIMIZATION_LEVEL = "-O";
				VALIDATE_PRODUCT = YES;
			};
			name = Release;
		};
		FDB5E0A929D7DA48009ADEA2 /* Debug */ = {
			isa = XCBuildConfiguration;
			baseConfigurationReference = 8ECA1832006A8F1E22F9242D /* Pods-Practice.debug.xcconfig */;
			buildSettings = {
				ASSETCATALOG_COMPILER_APPICON_NAME = AppIcon;
				ASSETCATALOG_COMPILER_GLOBAL_ACCENT_COLOR_NAME = AccentColor;
				CODE_SIGN_STYLE = Automatic;
				CURRENT_PROJECT_VERSION = 1;
				DEVELOPMENT_TEAM = S3ZNGP43TF;
				GENERATE_INFOPLIST_FILE = YES;
				INFOPLIST_FILE = Practice/Info.plist;
				INFOPLIST_KEY_UIApplicationSupportsIndirectInputEvents = YES;
				INFOPLIST_KEY_UILaunchStoryboardName = LaunchScreen;
				INFOPLIST_KEY_UIMainStoryboardFile = Main;
				INFOPLIST_KEY_UISupportedInterfaceOrientations_iPad = "UIInterfaceOrientationPortrait UIInterfaceOrientationPortraitUpsideDown UIInterfaceOrientationLandscapeLeft UIInterfaceOrientationLandscapeRight";
				INFOPLIST_KEY_UISupportedInterfaceOrientations_iPhone = "UIInterfaceOrientationPortrait UIInterfaceOrientationLandscapeLeft UIInterfaceOrientationLandscapeRight";
				IPHONEOS_DEPLOYMENT_TARGET = 13.0;
				LD_RUNPATH_SEARCH_PATHS = (
					"$(inherited)",
					"@executable_path/Frameworks",
				);
				MARKETING_VERSION = 1.0;
				PRODUCT_BUNDLE_IDENTIFIER = "koki-mac-mini.Practice";
				PRODUCT_NAME = "$(TARGET_NAME)";
				SWIFT_EMIT_LOC_STRINGS = YES;
				SWIFT_VERSION = 5.0;
				TARGETED_DEVICE_FAMILY = "1,2";
			};
			name = Debug;
		};
		FDB5E0AA29D7DA48009ADEA2 /* Release */ = {
			isa = XCBuildConfiguration;
			baseConfigurationReference = 8DFC9D3BF2F06458CD96DD78 /* Pods-Practice.release.xcconfig */;
			buildSettings = {
				ASSETCATALOG_COMPILER_APPICON_NAME = AppIcon;
				ASSETCATALOG_COMPILER_GLOBAL_ACCENT_COLOR_NAME = AccentColor;
				CODE_SIGN_STYLE = Automatic;
				CURRENT_PROJECT_VERSION = 1;
				DEVELOPMENT_TEAM = S3ZNGP43TF;
				GENERATE_INFOPLIST_FILE = YES;
				INFOPLIST_FILE = Practice/Info.plist;
				INFOPLIST_KEY_UIApplicationSupportsIndirectInputEvents = YES;
				INFOPLIST_KEY_UILaunchStoryboardName = LaunchScreen;
				INFOPLIST_KEY_UIMainStoryboardFile = Main;
				INFOPLIST_KEY_UISupportedInterfaceOrientations_iPad = "UIInterfaceOrientationPortrait UIInterfaceOrientationPortraitUpsideDown UIInterfaceOrientationLandscapeLeft UIInterfaceOrientationLandscapeRight";
				INFOPLIST_KEY_UISupportedInterfaceOrientations_iPhone = "UIInterfaceOrientationPortrait UIInterfaceOrientationLandscapeLeft UIInterfaceOrientationLandscapeRight";
				IPHONEOS_DEPLOYMENT_TARGET = 13.0;
				LD_RUNPATH_SEARCH_PATHS = (
					"$(inherited)",
					"@executable_path/Frameworks",
				);
				MARKETING_VERSION = 1.0;
				PRODUCT_BUNDLE_IDENTIFIER = "koki-mac-mini.Practice";
				PRODUCT_NAME = "$(TARGET_NAME)";
				SWIFT_EMIT_LOC_STRINGS = YES;
				SWIFT_VERSION = 5.0;
				TARGETED_DEVICE_FAMILY = "1,2";
			};
			name = Release;
		};
		FDB5E0AC29D7DA48009ADEA2 /* Debug */ = {
			isa = XCBuildConfiguration;
			baseConfigurationReference = 94B44F47100CE2D0DBB2E5BB /* Pods-PracticeTests.debug.xcconfig */;
			buildSettings = {
				ALWAYS_EMBED_SWIFT_STANDARD_LIBRARIES = YES;
				BUNDLE_LOADER = "$(TEST_HOST)";
				CODE_SIGN_STYLE = Automatic;
				CURRENT_PROJECT_VERSION = 1;
				DEVELOPMENT_TEAM = S3ZNGP43TF;
				GENERATE_INFOPLIST_FILE = YES;
				IPHONEOS_DEPLOYMENT_TARGET = 16.0;
				MARKETING_VERSION = 1.0;
				PRODUCT_BUNDLE_IDENTIFIER = "koki-mac-mini.PracticeTests";
				PRODUCT_NAME = "$(TARGET_NAME)";
				SWIFT_EMIT_LOC_STRINGS = NO;
				SWIFT_VERSION = 5.0;
				TARGETED_DEVICE_FAMILY = "1,2";
				TEST_HOST = "$(BUILT_PRODUCTS_DIR)/Practice.app/$(BUNDLE_EXECUTABLE_FOLDER_PATH)/Practice";
			};
			name = Debug;
		};
		FDB5E0AD29D7DA48009ADEA2 /* Release */ = {
			isa = XCBuildConfiguration;
			baseConfigurationReference = 93DBDBD0A7A4BEEBB75B0678 /* Pods-PracticeTests.release.xcconfig */;
			buildSettings = {
				ALWAYS_EMBED_SWIFT_STANDARD_LIBRARIES = YES;
				BUNDLE_LOADER = "$(TEST_HOST)";
				CODE_SIGN_STYLE = Automatic;
				CURRENT_PROJECT_VERSION = 1;
				DEVELOPMENT_TEAM = S3ZNGP43TF;
				GENERATE_INFOPLIST_FILE = YES;
				IPHONEOS_DEPLOYMENT_TARGET = 16.0;
				MARKETING_VERSION = 1.0;
				PRODUCT_BUNDLE_IDENTIFIER = "koki-mac-mini.PracticeTests";
				PRODUCT_NAME = "$(TARGET_NAME)";
				SWIFT_EMIT_LOC_STRINGS = NO;
				SWIFT_VERSION = 5.0;
				TARGETED_DEVICE_FAMILY = "1,2";
				TEST_HOST = "$(BUILT_PRODUCTS_DIR)/Practice.app/$(BUNDLE_EXECUTABLE_FOLDER_PATH)/Practice";
			};
			name = Release;
		};
		FDB5E0AF29D7DA48009ADEA2 /* Debug */ = {
			isa = XCBuildConfiguration;
			baseConfigurationReference = 58315194AB53557BD07DEBB5 /* Pods-Practice-PracticeUITests.debug.xcconfig */;
			buildSettings = {
				ALWAYS_EMBED_SWIFT_STANDARD_LIBRARIES = YES;
				CODE_SIGN_STYLE = Automatic;
				CURRENT_PROJECT_VERSION = 1;
				DEVELOPMENT_TEAM = S3ZNGP43TF;
				GENERATE_INFOPLIST_FILE = YES;
				MARKETING_VERSION = 1.0;
				PRODUCT_BUNDLE_IDENTIFIER = "koki-mac-mini.PracticeUITests";
				PRODUCT_NAME = "$(TARGET_NAME)";
				SWIFT_EMIT_LOC_STRINGS = NO;
				SWIFT_VERSION = 5.0;
				TARGETED_DEVICE_FAMILY = "1,2";
				TEST_TARGET_NAME = Practice;
			};
			name = Debug;
		};
		FDB5E0B029D7DA48009ADEA2 /* Release */ = {
			isa = XCBuildConfiguration;
			baseConfigurationReference = F35799226F9BED2F4461A17A /* Pods-Practice-PracticeUITests.release.xcconfig */;
			buildSettings = {
				ALWAYS_EMBED_SWIFT_STANDARD_LIBRARIES = YES;
				CODE_SIGN_STYLE = Automatic;
				CURRENT_PROJECT_VERSION = 1;
				DEVELOPMENT_TEAM = S3ZNGP43TF;
				GENERATE_INFOPLIST_FILE = YES;
				MARKETING_VERSION = 1.0;
				PRODUCT_BUNDLE_IDENTIFIER = "koki-mac-mini.PracticeUITests";
				PRODUCT_NAME = "$(TARGET_NAME)";
				SWIFT_EMIT_LOC_STRINGS = NO;
				SWIFT_VERSION = 5.0;
				TARGETED_DEVICE_FAMILY = "1,2";
				TEST_TARGET_NAME = Practice;
			};
			name = Release;
		};
/* End XCBuildConfiguration section */

/* Begin XCConfigurationList section */
		FDB5E07929D7DA47009ADEA2 /* Build configuration list for PBXProject "Practice" */ = {
			isa = XCConfigurationList;
			buildConfigurations = (
				FDB5E0A629D7DA48009ADEA2 /* Debug */,
				FDB5E0A729D7DA48009ADEA2 /* Release */,
			);
			defaultConfigurationIsVisible = 0;
			defaultConfigurationName = Release;
		};
		FDB5E0A829D7DA48009ADEA2 /* Build configuration list for PBXNativeTarget "Practice" */ = {
			isa = XCConfigurationList;
			buildConfigurations = (
				FDB5E0A929D7DA48009ADEA2 /* Debug */,
				FDB5E0AA29D7DA48009ADEA2 /* Release */,
			);
			defaultConfigurationIsVisible = 0;
			defaultConfigurationName = Release;
		};
		FDB5E0AB29D7DA48009ADEA2 /* Build configuration list for PBXNativeTarget "PracticeTests" */ = {
			isa = XCConfigurationList;
			buildConfigurations = (
				FDB5E0AC29D7DA48009ADEA2 /* Debug */,
				FDB5E0AD29D7DA48009ADEA2 /* Release */,
			);
			defaultConfigurationIsVisible = 0;
			defaultConfigurationName = Release;
		};
		FDB5E0AE29D7DA48009ADEA2 /* Build configuration list for PBXNativeTarget "PracticeUITests" */ = {
			isa = XCConfigurationList;
			buildConfigurations = (
				FDB5E0AF29D7DA48009ADEA2 /* Debug */,
				FDB5E0B029D7DA48009ADEA2 /* Release */,
			);
			defaultConfigurationIsVisible = 0;
			defaultConfigurationName = Release;
		};
/* End XCConfigurationList section */
	};
	rootObject = FDB5E07629D7DA47009ADEA2 /* Project object */;
}
